PODS:
  - Alamofire (3.3.0)
  - Moya (6.3.0):
    - Moya/Core (= 6.3.0)
  - Moya/Core (6.3.0):
    - Alamofire (~> 3.0)
    - Result (~> 1.0)
  - Moya/RxSwift (6.3.0):
    - Moya/Core
    - RxSwift (~> 2.0)
  - NSObject+Rx (1.2.1):
    - RxSwift (~> 2.1)
  - ObjectMapper (1.1.5)
  - Result (1.0.2)
  - RxAlamofire (2.2):
    - RxAlamofire/Core (= 2.2)
  - RxAlamofire/Core (2.2):
    - Alamofire (~> 3.1)
    - RxSwift (~> 2.1)
  - RxCocoa (2.3.1):
    - RxSwift (~> 2.3.1)
  - RxDataSources (0.6.2):
    - RxCocoa (~> 2.2)
    - RxSwift (~> 2.2)
  - RxOptional (2.0.0):
    - RxCocoa (~> 2.0)
    - RxSwift (~> 2.0)
  - RxSwift (2.3.1)

DEPENDENCIES:
  - Alamofire
  - Moya
  - Moya/RxSwift
  - NSObject+Rx
  - ObjectMapper
  - RxAlamofire
  - RxCocoa
  - RxDataSources
  - RxOptional
  - RxSwift

SPEC CHECKSUMS:
  Alamofire: 9054db4a1b1ca9e363223183e01cea380159a27c
  Moya: a202c1d62c950e23437fd4ef5557395f488fdca6
  NSObject+Rx: 5d032a7f161602dec6b82dcf12731e91ce15b8da
  ObjectMapper: 528b1a6677a6acac7747edd508576983e76a9148
  Result: dd3dd71af3fa2e262f1a999e14fba2c25ec14f16
  RxAlamofire: 250b7846cedbd189d6190e4f83caa01ee1f1eceb
  RxCocoa: a2baaf3462b989559a51dce59d78fbebb8fe0afa
  RxDataSources: 9ae26211019e6afb7391125940d719b4326e94a4
  RxOptional: b77fb47a0190213cf8a37c7a2b7fda28160b4563
  RxSwift: 829b2843e9eddc77a02cb3f5117f0d55f8f646f1

PODFILE CHECKSUM: 6e148fd6d2d897a2020e8caa0ca1708469856b55

COCOAPODS: 1.0.0.beta.4
