// !$*UTF8*$!
{
	archiveVersion = 1;
	classes = {
	};
	objectVersion = 46;
	objects = {

/* Begin PBXBuildFile section */
		260C31FA1CA4DB7300081BDE /* TScheduler.swift in Sources */ = {isa = PBXBuildFile; fileRef = 260C31F91CA4DB7300081BDE /* TScheduler.swift */; };
		260C32071CA526F100081BDE /* Main.storyboard in Resources */ = {isa = PBXBuildFile; fileRef = 260C32051CA526F100081BDE /* Main.storyboard */; };
		260C320C1CA526F100081BDE /* LaunchScreen.storyboard in Resources */ = {isa = PBXBuildFile; fileRef = 260C320A1CA526F100081BDE /* LaunchScreen.storyboard */; };
		260C32111CA5271400081BDE /* AppDelegate.swift in Sources */ = {isa = PBXBuildFile; fileRef = 26CC091A1C797EB5006B721F /* AppDelegate.swift */; };
		260C32121CA5271600081BDE /* Assets.xcassets in Resources */ = {isa = PBXBuildFile; fileRef = 26CC091B1C797EB5006B721F /* Assets.xcassets */; };
		260C32131CA5271A00081BDE /* SupportFunction.swift in Sources */ = {isa = PBXBuildFile; fileRef = 2649A0AB1C80119600F032B1 /* SupportFunction.swift */; };
		260C32151CA530EF00081BDE /* RxOptionalViewController.swift in Sources */ = {isa = PBXBuildFile; fileRef = 260C32141CA530EF00081BDE /* RxOptionalViewController.swift */; };
		260C32481CA55C5F00081BDE /* RxAnimation.swift in Sources */ = {isa = PBXBuildFile; fileRef = 260C32471CA55C5F00081BDE /* RxAnimation.swift */; };
		260C324A1CA5622600081BDE /* RxAnimationViewController.swift in Sources */ = {isa = PBXBuildFile; fileRef = 260C32491CA5622600081BDE /* RxAnimationViewController.swift */; };
		260C324C1CA61FE800081BDE /* UIView+IB.swift in Sources */ = {isa = PBXBuildFile; fileRef = 260C324B1CA61FE800081BDE /* UIView+IB.swift */; };
		260C324D1CA6208900081BDE /* UIView+IB.swift in Sources */ = {isa = PBXBuildFile; fileRef = 260C324B1CA61FE800081BDE /* UIView+IB.swift */; };
		260C324E1CA6208900081BDE /* UIView+IB.swift in Sources */ = {isa = PBXBuildFile; fileRef = 260C324B1CA61FE800081BDE /* UIView+IB.swift */; };
		260C324F1CA6208A00081BDE /* UIView+IB.swift in Sources */ = {isa = PBXBuildFile; fileRef = 260C324B1CA61FE800081BDE /* UIView+IB.swift */; };
		260C32501CA6208B00081BDE /* UIView+IB.swift in Sources */ = {isa = PBXBuildFile; fileRef = 260C324B1CA61FE800081BDE /* UIView+IB.swift */; };
		26356E2E1CA2FC5C00148B03 /* ViewController.swift in Sources */ = {isa = PBXBuildFile; fileRef = 26356E2D1CA2FC5C00148B03 /* ViewController.swift */; };
		26356E311CA2FC5C00148B03 /* Main.storyboard in Resources */ = {isa = PBXBuildFile; fileRef = 26356E2F1CA2FC5C00148B03 /* Main.storyboard */; };
		26356E361CA2FC5C00148B03 /* LaunchScreen.storyboard in Resources */ = {isa = PBXBuildFile; fileRef = 26356E341CA2FC5C00148B03 /* LaunchScreen.storyboard */; };
		26356E3B1CA2FC8900148B03 /* Assets.xcassets in Resources */ = {isa = PBXBuildFile; fileRef = 26CC091B1C797EB5006B721F /* Assets.xcassets */; };
		26356E3C1CA2FC8D00148B03 /* AppDelegate.swift in Sources */ = {isa = PBXBuildFile; fileRef = 26CC091A1C797EB5006B721F /* AppDelegate.swift */; };
		26356E3D1CA2FC9100148B03 /* SupportFunction.swift in Sources */ = {isa = PBXBuildFile; fileRef = 2649A0AB1C80119600F032B1 /* SupportFunction.swift */; };
		26457B8B1C77579F009ED146 /* Main.storyboard in Resources */ = {isa = PBXBuildFile; fileRef = 26457B891C77579F009ED146 /* Main.storyboard */; };
		26457B901C77579F009ED146 /* LaunchScreen.storyboard in Resources */ = {isa = PBXBuildFile; fileRef = 26457B8E1C77579F009ED146 /* LaunchScreen.storyboard */; };
		26457B991C77588A009ED146 /* BindingsViewController.swift in Sources */ = {isa = PBXBuildFile; fileRef = 26457B981C77588A009ED146 /* BindingsViewController.swift */; };
		26457B9B1C7758AA009ED146 /* ContentOffsetViewController.swift in Sources */ = {isa = PBXBuildFile; fileRef = 26457B9A1C7758AA009ED146 /* ContentOffsetViewController.swift */; };
		26457B9D1C7758C5009ED146 /* TapViewController.swift in Sources */ = {isa = PBXBuildFile; fileRef = 26457B9C1C7758C5009ED146 /* TapViewController.swift */; };
		2649A0AC1C80119600F032B1 /* SupportFunction.swift in Sources */ = {isa = PBXBuildFile; fileRef = 2649A0AB1C80119600F032B1 /* SupportFunction.swift */; };
		2649A0AD1C80119900F032B1 /* SupportFunction.swift in Sources */ = {isa = PBXBuildFile; fileRef = 2649A0AB1C80119600F032B1 /* SupportFunction.swift */; };
		2649A0AE1C80119A00F032B1 /* SupportFunction.swift in Sources */ = {isa = PBXBuildFile; fileRef = 2649A0AB1C80119600F032B1 /* SupportFunction.swift */; };
		266E196A1C7AB90900D8562C /* UserTableViewCell.swift in Sources */ = {isa = PBXBuildFile; fileRef = 266E19691C7AB90900D8562C /* UserTableViewCell.swift */; };
		266E196E1C7AFF7E00D8562C /* Request+ObjectMapper.swift in Sources */ = {isa = PBXBuildFile; fileRef = 266E196D1C7AFF7E00D8562C /* Request+ObjectMapper.swift */; };
		266E19711C7B2D8200D8562C /* UserModel.swift in Sources */ = {isa = PBXBuildFile; fileRef = 266E19701C7B2D8200D8562C /* UserModel.swift */; };
		267B59A91CCDCD9B00459399 /* SupportFunction.swift in Sources */ = {isa = PBXBuildFile; fileRef = 2649A0AB1C80119600F032B1 /* SupportFunction.swift */; };
		267B59AA1CCDCD9D00459399 /* Assets.xcassets in Resources */ = {isa = PBXBuildFile; fileRef = 26CC091B1C797EB5006B721F /* Assets.xcassets */; };
		267B59AB1CCDCD9F00459399 /* AppDelegate.swift in Sources */ = {isa = PBXBuildFile; fileRef = 26CC091A1C797EB5006B721F /* AppDelegate.swift */; };
		267B59AC1CCDCDA200459399 /* UIView+IB.swift in Sources */ = {isa = PBXBuildFile; fileRef = 260C324B1CA61FE800081BDE /* UIView+IB.swift */; };
		269CAABB1CACD23000057E87 /* ObservableLoginViewController.swift in Sources */ = {isa = PBXBuildFile; fileRef = 269CAABA1CACD23000057E87 /* ObservableLoginViewController.swift */; };
		269CAABD1CACD25F00057E87 /* ObservableLoginViewModel.swift in Sources */ = {isa = PBXBuildFile; fileRef = 269CAABC1CACD25F00057E87 /* ObservableLoginViewModel.swift */; };
		269CAABF1CACF1D700057E87 /* DriverLoginViewController.swift in Sources */ = {isa = PBXBuildFile; fileRef = 269CAABE1CACF1D700057E87 /* DriverLoginViewController.swift */; };
		269CAAC11CACF1EA00057E87 /* DriverLoginViewModel.swift in Sources */ = {isa = PBXBuildFile; fileRef = 269CAAC01CACF1EA00057E87 /* DriverLoginViewModel.swift */; };
		26BF11901CB4EC7100398378 /* RxDelegateViewController.swift in Sources */ = {isa = PBXBuildFile; fileRef = 26BF118F1CB4EC7100398378 /* RxDelegateViewController.swift */; };
		26BF11921CB4EE6700398378 /* RxDelegateButton.swift in Sources */ = {isa = PBXBuildFile; fileRef = 26BF11911CB4EE6700398378 /* RxDelegateButton.swift */; };
		26BF11941CB4FB5400398378 /* RxDelegateButton+Rx.swift in Sources */ = {isa = PBXBuildFile; fileRef = 26BF11931CB4FB5400398378 /* RxDelegateButton+Rx.swift */; };
		26BF11961CB4FB7A00398378 /* RxDelegateButtonDelegateProxy.swift in Sources */ = {isa = PBXBuildFile; fileRef = 26BF11951CB4FB7A00398378 /* RxDelegateButtonDelegateProxy.swift */; };
		26CC091D1C797EB5006B721F /* AppDelegate.swift in Sources */ = {isa = PBXBuildFile; fileRef = 26CC091A1C797EB5006B721F /* AppDelegate.swift */; };
		26CC09201C797EBB006B721F /* AppDelegate.swift in Sources */ = {isa = PBXBuildFile; fileRef = 26CC091A1C797EB5006B721F /* AppDelegate.swift */; };
		26CC09251C798578006B721F /* Assets.xcassets in Resources */ = {isa = PBXBuildFile; fileRef = 26CC091B1C797EB5006B721F /* Assets.xcassets */; };
		26CC09261C798579006B721F /* Assets.xcassets in Resources */ = {isa = PBXBuildFile; fileRef = 26CC091B1C797EB5006B721F /* Assets.xcassets */; };
		26CC09331C7989A7006B721F /* Main.storyboard in Resources */ = {isa = PBXBuildFile; fileRef = 26CC09311C7989A7006B721F /* Main.storyboard */; };
		26CC09381C7989A7006B721F /* LaunchScreen.storyboard in Resources */ = {isa = PBXBuildFile; fileRef = 26CC09361C7989A7006B721F /* LaunchScreen.storyboard */; };
		26CC09401C7989E4006B721F /* AppDelegate.swift in Sources */ = {isa = PBXBuildFile; fileRef = 26CC091A1C797EB5006B721F /* AppDelegate.swift */; };
		26CC09411C7989E4006B721F /* Assets.xcassets in Resources */ = {isa = PBXBuildFile; fileRef = 26CC091B1C797EB5006B721F /* Assets.xcassets */; };
		26CC094E1C79C7B1006B721F /* AlamofireTableViewController.swift in Sources */ = {isa = PBXBuildFile; fileRef = 26CC094D1C79C7B1006B721F /* AlamofireTableViewController.swift */; };
		26CC09501C79C7C0006B721F /* MoyaTableViewController.swift in Sources */ = {isa = PBXBuildFile; fileRef = 26CC094F1C79C7C0006B721F /* MoyaTableViewController.swift */; };
		26CC09571C79CE54006B721F /* Response+ObjectMapper.swift in Sources */ = {isa = PBXBuildFile; fileRef = 26CC09551C79CE54006B721F /* Response+ObjectMapper.swift */; };
		26CC09581C79CE54006B721F /* Observable+ObjectMapper.swift in Sources */ = {isa = PBXBuildFile; fileRef = 26CC09561C79CE54006B721F /* Observable+ObjectMapper.swift */; };
		26CC095A1C7AAA19006B721F /* UserAPI.swift in Sources */ = {isa = PBXBuildFile; fileRef = 26CC09591C7AAA19006B721F /* UserAPI.swift */; };
		26D37A831C787B5B00D7B1B4 /* Main.storyboard in Resources */ = {isa = PBXBuildFile; fileRef = 26D37A811C787B5B00D7B1B4 /* Main.storyboard */; };
		26D37A881C787B5B00D7B1B4 /* LaunchScreen.storyboard in Resources */ = {isa = PBXBuildFile; fileRef = 26D37A861C787B5B00D7B1B4 /* LaunchScreen.storyboard */; };
		26D37A921C787DA100D7B1B4 /* BasicTableViewController.swift in Sources */ = {isa = PBXBuildFile; fileRef = 26D37A911C787DA100D7B1B4 /* BasicTableViewController.swift */; };
		26D37A941C787DAC00D7B1B4 /* SectionsTableViewController.swift in Sources */ = {isa = PBXBuildFile; fileRef = 26D37A931C787DAC00D7B1B4 /* SectionsTableViewController.swift */; };
		26D37A961C787DB800D7B1B4 /* SelectTableViewController.swift in Sources */ = {isa = PBXBuildFile; fileRef = 26D37A951C787DB800D7B1B4 /* SelectTableViewController.swift */; };
		26D37A981C787DF200D7B1B4 /* AdvanceTableViewController.swift in Sources */ = {isa = PBXBuildFile; fileRef = 26D37A971C787DF200D7B1B4 /* AdvanceTableViewController.swift */; };
		26D37A9B1C78821D00D7B1B4 /* BasicTableViewCell.swift in Sources */ = {isa = PBXBuildFile; fileRef = 26D37A9A1C78821D00D7B1B4 /* BasicTableViewCell.swift */; };
		26D37A9D1C78822700D7B1B4 /* SectionsTableViewCell.swift in Sources */ = {isa = PBXBuildFile; fileRef = 26D37A9C1C78822700D7B1B4 /* SectionsTableViewCell.swift */; };
		26D37A9F1C78823000D7B1B4 /* SelectTableViewCell.swift in Sources */ = {isa = PBXBuildFile; fileRef = 26D37A9E1C78823000D7B1B4 /* SelectTableViewCell.swift */; };
		26D37AA11C78823C00D7B1B4 /* AdvanceTableViewCell.swift in Sources */ = {isa = PBXBuildFile; fileRef = 26D37AA01C78823C00D7B1B4 /* AdvanceTableViewCell.swift */; };
		26D37AA31C78843800D7B1B4 /* BasicModel.swift in Sources */ = {isa = PBXBuildFile; fileRef = 26D37AA21C78843800D7B1B4 /* BasicModel.swift */; };
		26D37AA51C78857700D7B1B4 /* SectionsModel.swift in Sources */ = {isa = PBXBuildFile; fileRef = 26D37AA41C78857700D7B1B4 /* SectionsModel.swift */; };
		26D37AA71C78858900D7B1B4 /* SelectModel.swift in Sources */ = {isa = PBXBuildFile; fileRef = 26D37AA61C78858900D7B1B4 /* SelectModel.swift */; };
		26D37AA91C78859200D7B1B4 /* AdvanceModel.swift in Sources */ = {isa = PBXBuildFile; fileRef = 26D37AA81C78859200D7B1B4 /* AdvanceModel.swift */; };
		26F5D8301CE5819400824488 /* RxDataSources+Extension.swift in Sources */ = {isa = PBXBuildFile; fileRef = 26F5D82F1CE5819400824488 /* RxDataSources+Extension.swift */; };
		26F5D8311CE5819800824488 /* RxDataSources+Extension.swift in Sources */ = {isa = PBXBuildFile; fileRef = 26F5D82F1CE5819400824488 /* RxDataSources+Extension.swift */; };
		7F7E1C1086493ABE2E69636B /* Pods_RxTableView.framework in Frameworks */ = {isa = PBXBuildFile; fileRef = 28F46A3BB5115DAC42D1925D /* Pods_RxTableView.framework */; };
		8D8728DB5603A8D78E95090F /* Pods_RxWhy.framework in Frameworks */ = {isa = PBXBuildFile; fileRef = 2A8C61C012EC489BEB171B58 /* Pods_RxWhy.framework */; };
		B491FC200B11C9270D41238B /* Pods_RxExtensions.framework in Frameworks */ = {isa = PBXBuildFile; fileRef = F4F516B84DEA7AB757A7489F /* Pods_RxExtensions.framework */; };
		C5FFD1389DFE50570308AE55 /* Pods_RxNetwork.framework in Frameworks */ = {isa = PBXBuildFile; fileRef = A712030B790C2060B6E50631 /* Pods_RxNetwork.framework */; };
		E1E5CE0A2BA37C78390D605C /* Pods_RxScheduler.framework in Frameworks */ = {isa = PBXBuildFile; fileRef = E49DBE13E3569CA11D6D9956 /* Pods_RxScheduler.framework */; };
		EBCB770E76A8CDDCCAD97D55 /* Pods_MVVM.framework in Frameworks */ = {isa = PBXBuildFile; fileRef = B8BBA17A2A4C6F17242D724E /* Pods_MVVM.framework */; };
/* End PBXBuildFile section */

/* Begin PBXFileReference section */
		027F3E8AA103139D98FD51A1 /* Pods-RxTableView.release.xcconfig */ = {isa = PBXFileReference; includeInIndex = 1; lastKnownFileType = text.xcconfig; name = "Pods-RxTableView.release.xcconfig"; path = "Pods/Target Support Files/Pods-RxTableView/Pods-RxTableView.release.xcconfig"; sourceTree = "<group>"; };
		125EDDBC5EC666689BF36E3D /* Pods-RxExtensions.release.xcconfig */ = {isa = PBXFileReference; includeInIndex = 1; lastKnownFileType = text.xcconfig; name = "Pods-RxExtensions.release.xcconfig"; path = "Pods/Target Support Files/Pods-RxExtensions/Pods-RxExtensions.release.xcconfig"; sourceTree = "<group>"; };
		13339B62DACA9629E64DC747 /* Pods-RxWhy.debug.xcconfig */ = {isa = PBXFileReference; includeInIndex = 1; lastKnownFileType = text.xcconfig; name = "Pods-RxWhy.debug.xcconfig"; path = "Pods/Target Support Files/Pods-RxWhy/Pods-RxWhy.debug.xcconfig"; sourceTree = "<group>"; };
		260C31F91CA4DB7300081BDE /* TScheduler.swift */ = {isa = PBXFileReference; fileEncoding = 4; lastKnownFileType = sourcecode.swift; path = TScheduler.swift; sourceTree = "<group>"; };
		260C31FF1CA526F100081BDE /* RxExtensions.app */ = {isa = PBXFileReference; explicitFileType = wrapper.application; includeInIndex = 0; path = RxExtensions.app; sourceTree = BUILT_PRODUCTS_DIR; };
		260C32061CA526F100081BDE /* Base */ = {isa = PBXFileReference; lastKnownFileType = file.storyboard; name = Base; path = Base.lproj/Main.storyboard; sourceTree = "<group>"; };
		260C320B1CA526F100081BDE /* Base */ = {isa = PBXFileReference; lastKnownFileType = file.storyboard; name = Base; path = Base.lproj/LaunchScreen.storyboard; sourceTree = "<group>"; };
		260C32141CA530EF00081BDE /* RxOptionalViewController.swift */ = {isa = PBXFileReference; fileEncoding = 4; lastKnownFileType = sourcecode.swift; path = RxOptionalViewController.swift; sourceTree = "<group>"; };
		260C32471CA55C5F00081BDE /* RxAnimation.swift */ = {isa = PBXFileReference; fileEncoding = 4; lastKnownFileType = sourcecode.swift; path = RxAnimation.swift; sourceTree = "<group>"; };
		260C32491CA5622600081BDE /* RxAnimationViewController.swift */ = {isa = PBXFileReference; fileEncoding = 4; lastKnownFileType = sourcecode.swift; path = RxAnimationViewController.swift; sourceTree = "<group>"; };
		260C324B1CA61FE800081BDE /* UIView+IB.swift */ = {isa = PBXFileReference; fileEncoding = 4; lastKnownFileType = sourcecode.swift; path = "UIView+IB.swift"; sourceTree = "<group>"; };
		26356E291CA2FC5C00148B03 /* RxScheduler.app */ = {isa = PBXFileReference; explicitFileType = wrapper.application; includeInIndex = 0; path = RxScheduler.app; sourceTree = BUILT_PRODUCTS_DIR; };
		26356E2D1CA2FC5C00148B03 /* ViewController.swift */ = {isa = PBXFileReference; lastKnownFileType = sourcecode.swift; path = ViewController.swift; sourceTree = "<group>"; };
		26356E301CA2FC5C00148B03 /* Base */ = {isa = PBXFileReference; lastKnownFileType = file.storyboard; name = Base; path = Base.lproj/Main.storyboard; sourceTree = "<group>"; };
		26356E351CA2FC5C00148B03 /* Base */ = {isa = PBXFileReference; lastKnownFileType = file.storyboard; name = Base; path = Base.lproj/LaunchScreen.storyboard; sourceTree = "<group>"; };
		26457B831C77579F009ED146 /* RxWhy.app */ = {isa = PBXFileReference; explicitFileType = wrapper.application; includeInIndex = 0; path = RxWhy.app; sourceTree = BUILT_PRODUCTS_DIR; };
		26457B8A1C77579F009ED146 /* Base */ = {isa = PBXFileReference; lastKnownFileType = file.storyboard; name = Base; path = Base.lproj/Main.storyboard; sourceTree = "<group>"; };
		26457B8F1C77579F009ED146 /* Base */ = {isa = PBXFileReference; lastKnownFileType = file.storyboard; name = Base; path = Base.lproj/LaunchScreen.storyboard; sourceTree = "<group>"; };
		26457B981C77588A009ED146 /* BindingsViewController.swift */ = {isa = PBXFileReference; fileEncoding = 4; lastKnownFileType = sourcecode.swift; path = BindingsViewController.swift; sourceTree = "<group>"; };
		26457B9A1C7758AA009ED146 /* ContentOffsetViewController.swift */ = {isa = PBXFileReference; fileEncoding = 4; lastKnownFileType = sourcecode.swift; path = ContentOffsetViewController.swift; sourceTree = "<group>"; };
		26457B9C1C7758C5009ED146 /* TapViewController.swift */ = {isa = PBXFileReference; fileEncoding = 4; lastKnownFileType = sourcecode.swift; path = TapViewController.swift; sourceTree = "<group>"; };
		2649A0AB1C80119600F032B1 /* SupportFunction.swift */ = {isa = PBXFileReference; fileEncoding = 4; lastKnownFileType = sourcecode.swift; path = SupportFunction.swift; sourceTree = "<group>"; };
		266E19691C7AB90900D8562C /* UserTableViewCell.swift */ = {isa = PBXFileReference; fileEncoding = 4; lastKnownFileType = sourcecode.swift; name = UserTableViewCell.swift; path = ../UserTableViewCell.swift; sourceTree = "<group>"; };
		266E196D1C7AFF7E00D8562C /* Request+ObjectMapper.swift */ = {isa = PBXFileReference; fileEncoding = 4; lastKnownFileType = sourcecode.swift; path = "Request+ObjectMapper.swift"; sourceTree = "<group>"; };
		266E19701C7B2D8200D8562C /* UserModel.swift */ = {isa = PBXFileReference; fileEncoding = 4; lastKnownFileType = sourcecode.swift; path = UserModel.swift; sourceTree = "<group>"; };
		267B59971CCDCD6700459399 /* MVVM.app */ = {isa = PBXFileReference; explicitFileType = wrapper.application; includeInIndex = 0; path = MVVM.app; sourceTree = BUILT_PRODUCTS_DIR; };
		26942DA01C8494630091ED4A /* Rx.playground */ = {isa = PBXFileReference; lastKnownFileType = file.playground; path = Rx.playground; sourceTree = "<group>"; };
		269CAABA1CACD23000057E87 /* ObservableLoginViewController.swift */ = {isa = PBXFileReference; fileEncoding = 4; lastKnownFileType = sourcecode.swift; path = ObservableLoginViewController.swift; sourceTree = "<group>"; };
		269CAABC1CACD25F00057E87 /* ObservableLoginViewModel.swift */ = {isa = PBXFileReference; fileEncoding = 4; lastKnownFileType = sourcecode.swift; path = ObservableLoginViewModel.swift; sourceTree = "<group>"; };
		269CAABE1CACF1D700057E87 /* DriverLoginViewController.swift */ = {isa = PBXFileReference; fileEncoding = 4; lastKnownFileType = sourcecode.swift; path = DriverLoginViewController.swift; sourceTree = "<group>"; };
		269CAAC01CACF1EA00057E87 /* DriverLoginViewModel.swift */ = {isa = PBXFileReference; fileEncoding = 4; lastKnownFileType = sourcecode.swift; path = DriverLoginViewModel.swift; sourceTree = "<group>"; };
		26BF118F1CB4EC7100398378 /* RxDelegateViewController.swift */ = {isa = PBXFileReference; fileEncoding = 4; lastKnownFileType = sourcecode.swift; path = RxDelegateViewController.swift; sourceTree = "<group>"; };
		26BF11911CB4EE6700398378 /* RxDelegateButton.swift */ = {isa = PBXFileReference; fileEncoding = 4; lastKnownFileType = sourcecode.swift; path = RxDelegateButton.swift; sourceTree = "<group>"; };
		26BF11931CB4FB5400398378 /* RxDelegateButton+Rx.swift */ = {isa = PBXFileReference; fileEncoding = 4; lastKnownFileType = sourcecode.swift; path = "RxDelegateButton+Rx.swift"; sourceTree = "<group>"; };
		26BF11951CB4FB7A00398378 /* RxDelegateButtonDelegateProxy.swift */ = {isa = PBXFileReference; fileEncoding = 4; lastKnownFileType = sourcecode.swift; path = RxDelegateButtonDelegateProxy.swift; sourceTree = "<group>"; };
		26CC091A1C797EB5006B721F /* AppDelegate.swift */ = {isa = PBXFileReference; fileEncoding = 4; lastKnownFileType = sourcecode.swift; path = AppDelegate.swift; sourceTree = "<group>"; };
		26CC091B1C797EB5006B721F /* Assets.xcassets */ = {isa = PBXFileReference; lastKnownFileType = folder.assetcatalog; path = Assets.xcassets; sourceTree = "<group>"; };
		26CC091C1C797EB5006B721F /* Info.plist */ = {isa = PBXFileReference; fileEncoding = 4; lastKnownFileType = text.plist.xml; path = Info.plist; sourceTree = "<group>"; };
		26CC092B1C7989A7006B721F /* RxNetwork.app */ = {isa = PBXFileReference; explicitFileType = wrapper.application; includeInIndex = 0; path = RxNetwork.app; sourceTree = BUILT_PRODUCTS_DIR; };
		26CC09321C7989A7006B721F /* Base */ = {isa = PBXFileReference; lastKnownFileType = file.storyboard; name = Base; path = Base.lproj/Main.storyboard; sourceTree = "<group>"; };
		26CC09371C7989A7006B721F /* Base */ = {isa = PBXFileReference; lastKnownFileType = file.storyboard; name = Base; path = Base.lproj/LaunchScreen.storyboard; sourceTree = "<group>"; };
		26CC094D1C79C7B1006B721F /* AlamofireTableViewController.swift */ = {isa = PBXFileReference; fileEncoding = 4; lastKnownFileType = sourcecode.swift; path = AlamofireTableViewController.swift; sourceTree = "<group>"; };
		26CC094F1C79C7C0006B721F /* MoyaTableViewController.swift */ = {isa = PBXFileReference; fileEncoding = 4; lastKnownFileType = sourcecode.swift; path = MoyaTableViewController.swift; sourceTree = "<group>"; };
		26CC09551C79CE54006B721F /* Response+ObjectMapper.swift */ = {isa = PBXFileReference; fileEncoding = 4; lastKnownFileType = sourcecode.swift; path = "Response+ObjectMapper.swift"; sourceTree = "<group>"; };
		26CC09561C79CE54006B721F /* Observable+ObjectMapper.swift */ = {isa = PBXFileReference; fileEncoding = 4; lastKnownFileType = sourcecode.swift; path = "Observable+ObjectMapper.swift"; sourceTree = "<group>"; };
		26CC09591C7AAA19006B721F /* UserAPI.swift */ = {isa = PBXFileReference; fileEncoding = 4; lastKnownFileType = sourcecode.swift; path = UserAPI.swift; sourceTree = "<group>"; };
		26D37A7B1C787B5B00D7B1B4 /* RxTableView.app */ = {isa = PBXFileReference; explicitFileType = wrapper.application; includeInIndex = 0; path = RxTableView.app; sourceTree = BUILT_PRODUCTS_DIR; };
		26D37A821C787B5B00D7B1B4 /* Base */ = {isa = PBXFileReference; lastKnownFileType = file.storyboard; name = Base; path = Base.lproj/Main.storyboard; sourceTree = "<group>"; };
		26D37A871C787B5B00D7B1B4 /* Base */ = {isa = PBXFileReference; lastKnownFileType = file.storyboard; name = Base; path = Base.lproj/LaunchScreen.storyboard; sourceTree = "<group>"; };
		26D37A911C787DA100D7B1B4 /* BasicTableViewController.swift */ = {isa = PBXFileReference; fileEncoding = 4; lastKnownFileType = sourcecode.swift; path = BasicTableViewController.swift; sourceTree = "<group>"; };
		26D37A931C787DAC00D7B1B4 /* SectionsTableViewController.swift */ = {isa = PBXFileReference; fileEncoding = 4; lastKnownFileType = sourcecode.swift; path = SectionsTableViewController.swift; sourceTree = "<group>"; };
		26D37A951C787DB800D7B1B4 /* SelectTableViewController.swift */ = {isa = PBXFileReference; fileEncoding = 4; lastKnownFileType = sourcecode.swift; path = SelectTableViewController.swift; sourceTree = "<group>"; };
		26D37A971C787DF200D7B1B4 /* AdvanceTableViewController.swift */ = {isa = PBXFileReference; fileEncoding = 4; lastKnownFileType = sourcecode.swift; path = AdvanceTableViewController.swift; sourceTree = "<group>"; };
		26D37A9A1C78821D00D7B1B4 /* BasicTableViewCell.swift */ = {isa = PBXFileReference; fileEncoding = 4; lastKnownFileType = sourcecode.swift; path = BasicTableViewCell.swift; sourceTree = "<group>"; };
		26D37A9C1C78822700D7B1B4 /* SectionsTableViewCell.swift */ = {isa = PBXFileReference; fileEncoding = 4; lastKnownFileType = sourcecode.swift; path = SectionsTableViewCell.swift; sourceTree = "<group>"; };
		26D37A9E1C78823000D7B1B4 /* SelectTableViewCell.swift */ = {isa = PBXFileReference; fileEncoding = 4; lastKnownFileType = sourcecode.swift; path = SelectTableViewCell.swift; sourceTree = "<group>"; };
		26D37AA01C78823C00D7B1B4 /* AdvanceTableViewCell.swift */ = {isa = PBXFileReference; fileEncoding = 4; lastKnownFileType = sourcecode.swift; path = AdvanceTableViewCell.swift; sourceTree = "<group>"; };
		26D37AA21C78843800D7B1B4 /* BasicModel.swift */ = {isa = PBXFileReference; fileEncoding = 4; lastKnownFileType = sourcecode.swift; path = BasicModel.swift; sourceTree = "<group>"; };
		26D37AA41C78857700D7B1B4 /* SectionsModel.swift */ = {isa = PBXFileReference; fileEncoding = 4; lastKnownFileType = sourcecode.swift; path = SectionsModel.swift; sourceTree = "<group>"; };
		26D37AA61C78858900D7B1B4 /* SelectModel.swift */ = {isa = PBXFileReference; fileEncoding = 4; lastKnownFileType = sourcecode.swift; path = SelectModel.swift; sourceTree = "<group>"; };
		26D37AA81C78859200D7B1B4 /* AdvanceModel.swift */ = {isa = PBXFileReference; fileEncoding = 4; lastKnownFileType = sourcecode.swift; path = AdvanceModel.swift; sourceTree = "<group>"; };
		26F5D82F1CE5819400824488 /* RxDataSources+Extension.swift */ = {isa = PBXFileReference; fileEncoding = 4; lastKnownFileType = sourcecode.swift; path = "RxDataSources+Extension.swift"; sourceTree = "<group>"; };
		28F46A3BB5115DAC42D1925D /* Pods_RxTableView.framework */ = {isa = PBXFileReference; explicitFileType = wrapper.framework; includeInIndex = 0; path = Pods_RxTableView.framework; sourceTree = BUILT_PRODUCTS_DIR; };
		2A8C61C012EC489BEB171B58 /* Pods_RxWhy.framework */ = {isa = PBXFileReference; explicitFileType = wrapper.framework; includeInIndex = 0; path = Pods_RxWhy.framework; sourceTree = BUILT_PRODUCTS_DIR; };
		3938773BEC5972BFB1022E01 /* Pods-MVVM.debug.xcconfig */ = {isa = PBXFileReference; includeInIndex = 1; lastKnownFileType = text.xcconfig; name = "Pods-MVVM.debug.xcconfig"; path = "Pods/Target Support Files/Pods-MVVM/Pods-MVVM.debug.xcconfig"; sourceTree = "<group>"; };
		4C6EDB102143CE997D168969 /* Pods-MVVM.release.xcconfig */ = {isa = PBXFileReference; includeInIndex = 1; lastKnownFileType = text.xcconfig; name = "Pods-MVVM.release.xcconfig"; path = "Pods/Target Support Files/Pods-MVVM/Pods-MVVM.release.xcconfig"; sourceTree = "<group>"; };
		73A20012348C5B9CCDD7B25D /* Pods-RxNetwork.debug.xcconfig */ = {isa = PBXFileReference; includeInIndex = 1; lastKnownFileType = text.xcconfig; name = "Pods-RxNetwork.debug.xcconfig"; path = "Pods/Target Support Files/Pods-RxNetwork/Pods-RxNetwork.debug.xcconfig"; sourceTree = "<group>"; };
		79345F7A3B5655EDFB75C111 /* Pods-RxNetwork.release.xcconfig */ = {isa = PBXFileReference; includeInIndex = 1; lastKnownFileType = text.xcconfig; name = "Pods-RxNetwork.release.xcconfig"; path = "Pods/Target Support Files/Pods-RxNetwork/Pods-RxNetwork.release.xcconfig"; sourceTree = "<group>"; };
		7AA9613E304366F34C497BE3 /* Pods-RxScheduler.release.xcconfig */ = {isa = PBXFileReference; includeInIndex = 1; lastKnownFileType = text.xcconfig; name = "Pods-RxScheduler.release.xcconfig"; path = "Pods/Target Support Files/Pods-RxScheduler/Pods-RxScheduler.release.xcconfig"; sourceTree = "<group>"; };
		7D1B94498621741B1B022900 /* Pods-RxWhy.release.xcconfig */ = {isa = PBXFileReference; includeInIndex = 1; lastKnownFileType = text.xcconfig; name = "Pods-RxWhy.release.xcconfig"; path = "Pods/Target Support Files/Pods-RxWhy/Pods-RxWhy.release.xcconfig"; sourceTree = "<group>"; };
		A712030B790C2060B6E50631 /* Pods_RxNetwork.framework */ = {isa = PBXFileReference; explicitFileType = wrapper.framework; includeInIndex = 0; path = Pods_RxNetwork.framework; sourceTree = BUILT_PRODUCTS_DIR; };
		B8BBA17A2A4C6F17242D724E /* Pods_MVVM.framework */ = {isa = PBXFileReference; explicitFileType = wrapper.framework; includeInIndex = 0; path = Pods_MVVM.framework; sourceTree = BUILT_PRODUCTS_DIR; };
		CC049A082FA3D7EF84168F1B /* Pods-RxExtensions.debug.xcconfig */ = {isa = PBXFileReference; includeInIndex = 1; lastKnownFileType = text.xcconfig; name = "Pods-RxExtensions.debug.xcconfig"; path = "Pods/Target Support Files/Pods-RxExtensions/Pods-RxExtensions.debug.xcconfig"; sourceTree = "<group>"; };
		D00F519E43412813EBAB622A /* Pods-RxScheduler.debug.xcconfig */ = {isa = PBXFileReference; includeInIndex = 1; lastKnownFileType = text.xcconfig; name = "Pods-RxScheduler.debug.xcconfig"; path = "Pods/Target Support Files/Pods-RxScheduler/Pods-RxScheduler.debug.xcconfig"; sourceTree = "<group>"; };
		D7FF5E6AD1751DDF29E3DEBC /* Pods-RxTableView.debug.xcconfig */ = {isa = PBXFileReference; includeInIndex = 1; lastKnownFileType = text.xcconfig; name = "Pods-RxTableView.debug.xcconfig"; path = "Pods/Target Support Files/Pods-RxTableView/Pods-RxTableView.debug.xcconfig"; sourceTree = "<group>"; };
		E49DBE13E3569CA11D6D9956 /* Pods_RxScheduler.framework */ = {isa = PBXFileReference; explicitFileType = wrapper.framework; includeInIndex = 0; path = Pods_RxScheduler.framework; sourceTree = BUILT_PRODUCTS_DIR; };
		F4F516B84DEA7AB757A7489F /* Pods_RxExtensions.framework */ = {isa = PBXFileReference; explicitFileType = wrapper.framework; includeInIndex = 0; path = Pods_RxExtensions.framework; sourceTree = BUILT_PRODUCTS_DIR; };
/* End PBXFileReference section */

/* Begin PBXFrameworksBuildPhase section */
		260C31FC1CA526F100081BDE /* Frameworks */ = {
			isa = PBXFrameworksBuildPhase;
			buildActionMask = 2147483647;
			files = (
				B491FC200B11C9270D41238B /* Pods_RxExtensions.framework in Frameworks */,
			);
			runOnlyForDeploymentPostprocessing = 0;
		};
		26356E261CA2FC5C00148B03 /* Frameworks */ = {
			isa = PBXFrameworksBuildPhase;
			buildActionMask = 2147483647;
			files = (
				E1E5CE0A2BA37C78390D605C /* Pods_RxScheduler.framework in Frameworks */,
			);
			runOnlyForDeploymentPostprocessing = 0;
		};
		26457B801C77579F009ED146 /* Frameworks */ = {
			isa = PBXFrameworksBuildPhase;
			buildActionMask = 2147483647;
			files = (
				8D8728DB5603A8D78E95090F /* Pods_RxWhy.framework in Frameworks */,
			);
			runOnlyForDeploymentPostprocessing = 0;
		};
		267B59941CCDCD6700459399 /* Frameworks */ = {
			isa = PBXFrameworksBuildPhase;
			buildActionMask = 2147483647;
			files = (
				EBCB770E76A8CDDCCAD97D55 /* Pods_MVVM.framework in Frameworks */,
			);
			runOnlyForDeploymentPostprocessing = 0;
		};
		26CC09281C7989A7006B721F /* Frameworks */ = {
			isa = PBXFrameworksBuildPhase;
			buildActionMask = 2147483647;
			files = (
				C5FFD1389DFE50570308AE55 /* Pods_RxNetwork.framework in Frameworks */,
			);
			runOnlyForDeploymentPostprocessing = 0;
		};
		26D37A781C787B5B00D7B1B4 /* Frameworks */ = {
			isa = PBXFrameworksBuildPhase;
			buildActionMask = 2147483647;
			files = (
				7F7E1C1086493ABE2E69636B /* Pods_RxTableView.framework in Frameworks */,
			);
			runOnlyForDeploymentPostprocessing = 0;
		};
/* End PBXFrameworksBuildPhase section */

/* Begin PBXGroup section */
		260C32001CA526F100081BDE /* RxExtensions */ = {
			isa = PBXGroup;
			children = (
				26BF118E1CB4BE2900398378 /* RxDelegate */,
				269CAAB91CACD21800057E87 /* Units */,
				260C32461CA55C4800081BDE /* RxAnimation */,
				260C32051CA526F100081BDE /* Main.storyboard */,
				260C320A1CA526F100081BDE /* LaunchScreen.storyboard */,
				260C32141CA530EF00081BDE /* RxOptionalViewController.swift */,
			);
			path = RxExtensions;
			sourceTree = "<group>";
		};
		260C32461CA55C4800081BDE /* RxAnimation */ = {
			isa = PBXGroup;
			children = (
				260C32471CA55C5F00081BDE /* RxAnimation.swift */,
				260C32491CA5622600081BDE /* RxAnimationViewController.swift */,
			);
			path = RxAnimation;
			sourceTree = "<group>";
		};
		26356E2A1CA2FC5C00148B03 /* RxScheduler */ = {
			isa = PBXGroup;
			children = (
				26356E2D1CA2FC5C00148B03 /* ViewController.swift */,
				26356E2F1CA2FC5C00148B03 /* Main.storyboard */,
				26356E341CA2FC5C00148B03 /* LaunchScreen.storyboard */,
				260C31F91CA4DB7300081BDE /* TScheduler.swift */,
			);
			path = RxScheduler;
			sourceTree = "<group>";
		};
		26457B611C775777009ED146 = {
			isa = PBXGroup;
			children = (
				26942DA01C8494630091ED4A /* Rx.playground */,
				26457B841C77579F009ED146 /* RxWhy */,
				26D37A7C1C787B5B00D7B1B4 /* RxTableView */,
				26CC092C1C7989A7006B721F /* RxNetwork */,
				26356E2A1CA2FC5C00148B03 /* RxScheduler */,
				260C32001CA526F100081BDE /* RxExtensions */,
				26CC09191C797EB5006B721F /* Supports */,
				26457B6B1C775777009ED146 /* Products */,
				2F408857BF60085258807917 /* Pods */,
				4F909D098A05F5053B4D416D /* Frameworks */,
			);
			sourceTree = "<group>";
		};
		26457B6B1C775777009ED146 /* Products */ = {
			isa = PBXGroup;
			children = (
				26457B831C77579F009ED146 /* RxWhy.app */,
				26D37A7B1C787B5B00D7B1B4 /* RxTableView.app */,
				26CC092B1C7989A7006B721F /* RxNetwork.app */,
				26356E291CA2FC5C00148B03 /* RxScheduler.app */,
				260C31FF1CA526F100081BDE /* RxExtensions.app */,
				267B59971CCDCD6700459399 /* MVVM.app */,
			);
			name = Products;
			sourceTree = "<group>";
		};
		26457B841C77579F009ED146 /* RxWhy */ = {
			isa = PBXGroup;
			children = (
				26457B971C775871009ED146 /* Bindings */,
				26457B961C775871009ED146 /* ContentOffset */,
				26457B951C775871009ED146 /* Tap */,
				26457B9E1C775B55009ED146 /* Supports */,
			);
			path = RxWhy;
			sourceTree = "<group>";
		};
		26457B951C775871009ED146 /* Tap */ = {
			isa = PBXGroup;
			children = (
				26457B9C1C7758C5009ED146 /* TapViewController.swift */,
			);
			path = Tap;
			sourceTree = "<group>";
		};
		26457B961C775871009ED146 /* ContentOffset */ = {
			isa = PBXGroup;
			children = (
				26457B9A1C7758AA009ED146 /* ContentOffsetViewController.swift */,
			);
			path = ContentOffset;
			sourceTree = "<group>";
		};
		26457B971C775871009ED146 /* Bindings */ = {
			isa = PBXGroup;
			children = (
				26457B981C77588A009ED146 /* BindingsViewController.swift */,
			);
			path = Bindings;
			sourceTree = "<group>";
		};
		26457B9E1C775B55009ED146 /* Supports */ = {
			isa = PBXGroup;
			children = (
				26457B891C77579F009ED146 /* Main.storyboard */,
				26457B8E1C77579F009ED146 /* LaunchScreen.storyboard */,
			);
			name = Supports;
			sourceTree = "<group>";
		};
		266E196F1C7B2C8000D8562C /* Supports */ = {
			isa = PBXGroup;
			children = (
				266E19691C7AB90900D8562C /* UserTableViewCell.swift */,
				26CC09311C7989A7006B721F /* Main.storyboard */,
				26CC09361C7989A7006B721F /* LaunchScreen.storyboard */,
			);
			path = Supports;
			sourceTree = "<group>";
		};
		269CAAB91CACD21800057E87 /* Units */ = {
			isa = PBXGroup;
			children = (
				269CAABA1CACD23000057E87 /* ObservableLoginViewController.swift */,
				269CAABC1CACD25F00057E87 /* ObservableLoginViewModel.swift */,
				269CAABE1CACF1D700057E87 /* DriverLoginViewController.swift */,
				269CAAC01CACF1EA00057E87 /* DriverLoginViewModel.swift */,
			);
			path = Units;
			sourceTree = "<group>";
		};
		26BF118E1CB4BE2900398378 /* RxDelegate */ = {
			isa = PBXGroup;
			children = (
				26BF118F1CB4EC7100398378 /* RxDelegateViewController.swift */,
				26BF11911CB4EE6700398378 /* RxDelegateButton.swift */,
				26BF11931CB4FB5400398378 /* RxDelegateButton+Rx.swift */,
				26BF11951CB4FB7A00398378 /* RxDelegateButtonDelegateProxy.swift */,
			);
			path = RxDelegate;
			sourceTree = "<group>";
		};
		26CC09191C797EB5006B721F /* Supports */ = {
			isa = PBXGroup;
			children = (
				26F5D82F1CE5819400824488 /* RxDataSources+Extension.swift */,
				26CC091A1C797EB5006B721F /* AppDelegate.swift */,
				26CC091B1C797EB5006B721F /* Assets.xcassets */,
				26CC091C1C797EB5006B721F /* Info.plist */,
				2649A0AB1C80119600F032B1 /* SupportFunction.swift */,
				260C324B1CA61FE800081BDE /* UIView+IB.swift */,
			);
			path = Supports;
			sourceTree = "<group>";
		};
		26CC092C1C7989A7006B721F /* RxNetwork */ = {
			isa = PBXGroup;
			children = (
				26CC09451C79A48E006B721F /* Alamofire */,
				26CC09441C79A48E006B721F /* Moya */,
				26CC09421C79A48E006B721F /* ObjectMapper */,
				266E196F1C7B2C8000D8562C /* Supports */,
			);
			path = RxNetwork;
			sourceTree = "<group>";
		};
		26CC09421C79A48E006B721F /* ObjectMapper */ = {
			isa = PBXGroup;
			children = (
				266E19701C7B2D8200D8562C /* UserModel.swift */,
				26CC09551C79CE54006B721F /* Response+ObjectMapper.swift */,
				26CC09561C79CE54006B721F /* Observable+ObjectMapper.swift */,
				266E196D1C7AFF7E00D8562C /* Request+ObjectMapper.swift */,
			);
			path = ObjectMapper;
			sourceTree = "<group>";
		};
		26CC09441C79A48E006B721F /* Moya */ = {
			isa = PBXGroup;
			children = (
				26CC094F1C79C7C0006B721F /* MoyaTableViewController.swift */,
				26CC09591C7AAA19006B721F /* UserAPI.swift */,
			);
			path = Moya;
			sourceTree = "<group>";
		};
		26CC09451C79A48E006B721F /* Alamofire */ = {
			isa = PBXGroup;
			children = (
				26CC094D1C79C7B1006B721F /* AlamofireTableViewController.swift */,
			);
			path = Alamofire;
			sourceTree = "<group>";
		};
		26D37A7C1C787B5B00D7B1B4 /* RxTableView */ = {
			isa = PBXGroup;
			children = (
				26D37A901C787D6400D7B1B4 /* Basic */,
				26D37A8F1C787D6400D7B1B4 /* Sections */,
				26D37A8D1C787D6400D7B1B4 /* Select */,
				26D37A8E1C787D6400D7B1B4 /* Advance */,
				26D37A991C78807F00D7B1B4 /* Supports */,
			);
			path = RxTableView;
			sourceTree = "<group>";
		};
		26D37A8D1C787D6400D7B1B4 /* Select */ = {
			isa = PBXGroup;
			children = (
				26D37A951C787DB800D7B1B4 /* SelectTableViewController.swift */,
				26D37A9E1C78823000D7B1B4 /* SelectTableViewCell.swift */,
				26D37AA61C78858900D7B1B4 /* SelectModel.swift */,
			);
			path = Select;
			sourceTree = "<group>";
		};
		26D37A8E1C787D6400D7B1B4 /* Advance */ = {
			isa = PBXGroup;
			children = (
				26D37A971C787DF200D7B1B4 /* AdvanceTableViewController.swift */,
				26D37AA01C78823C00D7B1B4 /* AdvanceTableViewCell.swift */,
				26D37AA81C78859200D7B1B4 /* AdvanceModel.swift */,
			);
			path = Advance;
			sourceTree = "<group>";
		};
		26D37A8F1C787D6400D7B1B4 /* Sections */ = {
			isa = PBXGroup;
			children = (
				26D37A931C787DAC00D7B1B4 /* SectionsTableViewController.swift */,
				26D37A9C1C78822700D7B1B4 /* SectionsTableViewCell.swift */,
				26D37AA41C78857700D7B1B4 /* SectionsModel.swift */,
			);
			path = Sections;
			sourceTree = "<group>";
		};
		26D37A901C787D6400D7B1B4 /* Basic */ = {
			isa = PBXGroup;
			children = (
				26D37A911C787DA100D7B1B4 /* BasicTableViewController.swift */,
				26D37A9A1C78821D00D7B1B4 /* BasicTableViewCell.swift */,
				26D37AA21C78843800D7B1B4 /* BasicModel.swift */,
			);
			path = Basic;
			sourceTree = "<group>";
		};
		26D37A991C78807F00D7B1B4 /* Supports */ = {
			isa = PBXGroup;
			children = (
				26D37A811C787B5B00D7B1B4 /* Main.storyboard */,
				26D37A861C787B5B00D7B1B4 /* LaunchScreen.storyboard */,
			);
			name = Supports;
			sourceTree = "<group>";
		};
		2F408857BF60085258807917 /* Pods */ = {
			isa = PBXGroup;
			children = (
				13339B62DACA9629E64DC747 /* Pods-RxWhy.debug.xcconfig */,
				7D1B94498621741B1B022900 /* Pods-RxWhy.release.xcconfig */,
				D7FF5E6AD1751DDF29E3DEBC /* Pods-RxTableView.debug.xcconfig */,
				027F3E8AA103139D98FD51A1 /* Pods-RxTableView.release.xcconfig */,
				73A20012348C5B9CCDD7B25D /* Pods-RxNetwork.debug.xcconfig */,
				79345F7A3B5655EDFB75C111 /* Pods-RxNetwork.release.xcconfig */,
				D00F519E43412813EBAB622A /* Pods-RxScheduler.debug.xcconfig */,
				7AA9613E304366F34C497BE3 /* Pods-RxScheduler.release.xcconfig */,
				CC049A082FA3D7EF84168F1B /* Pods-RxExtensions.debug.xcconfig */,
				125EDDBC5EC666689BF36E3D /* Pods-RxExtensions.release.xcconfig */,
				3938773BEC5972BFB1022E01 /* Pods-MVVM.debug.xcconfig */,
				4C6EDB102143CE997D168969 /* Pods-MVVM.release.xcconfig */,
			);
			name = Pods;
			sourceTree = "<group>";
		};
		4F909D098A05F5053B4D416D /* Frameworks */ = {
			isa = PBXGroup;
			children = (
				2A8C61C012EC489BEB171B58 /* Pods_RxWhy.framework */,
				28F46A3BB5115DAC42D1925D /* Pods_RxTableView.framework */,
				A712030B790C2060B6E50631 /* Pods_RxNetwork.framework */,
				E49DBE13E3569CA11D6D9956 /* Pods_RxScheduler.framework */,
				F4F516B84DEA7AB757A7489F /* Pods_RxExtensions.framework */,
				B8BBA17A2A4C6F17242D724E /* Pods_MVVM.framework */,
			);
			name = Frameworks;
			sourceTree = "<group>";
		};
/* End PBXGroup section */

/* Begin PBXNativeTarget section */
		260C31FE1CA526F100081BDE /* RxExtensions */ = {
			isa = PBXNativeTarget;
			buildConfigurationList = 260C32101CA526F100081BDE /* Build configuration list for PBXNativeTarget "RxExtensions" */;
			buildPhases = (
				B4EC9CE7D2D58C53F5569D57 /* 📦 Check Pods Manifest.lock */,
				260C31FB1CA526F100081BDE /* Sources */,
				260C31FC1CA526F100081BDE /* Frameworks */,
				260C31FD1CA526F100081BDE /* Resources */,
				747FD755CE5D085CD143E671 /* 📦 Embed Pods Frameworks */,
				31AE25CC34C0795B0A839B0F /* 📦 Copy Pods Resources */,
			);
			buildRules = (
			);
			dependencies = (
			);
			name = RxExtensions;
			productName = RxExtensions;
			productReference = 260C31FF1CA526F100081BDE /* RxExtensions.app */;
			productType = "com.apple.product-type.application";
		};
		26356E281CA2FC5C00148B03 /* RxScheduler */ = {
			isa = PBXNativeTarget;
			buildConfigurationList = 26356E3A1CA2FC5C00148B03 /* Build configuration list for PBXNativeTarget "RxScheduler" */;
			buildPhases = (
				9C05E2CFDE8F928148E76653 /* 📦 Check Pods Manifest.lock */,
				26356E251CA2FC5C00148B03 /* Sources */,
				26356E261CA2FC5C00148B03 /* Frameworks */,
				26356E271CA2FC5C00148B03 /* Resources */,
				0EAF4D364F71E279D2519490 /* 📦 Embed Pods Frameworks */,
				ECEB504CA38CC0212654AEFE /* 📦 Copy Pods Resources */,
			);
			buildRules = (
			);
			dependencies = (
			);
			name = RxScheduler;
			productName = RxScheduler;
			productReference = 26356E291CA2FC5C00148B03 /* RxScheduler.app */;
			productType = "com.apple.product-type.application";
		};
		26457B821C77579F009ED146 /* RxWhy */ = {
			isa = PBXNativeTarget;
			buildConfigurationList = 26457B921C77579F009ED146 /* Build configuration list for PBXNativeTarget "RxWhy" */;
			buildPhases = (
				F4A28795A7247F438420F1C6 /* 📦 Check Pods Manifest.lock */,
				26457B7F1C77579F009ED146 /* Sources */,
				26457B801C77579F009ED146 /* Frameworks */,
				26457B811C77579F009ED146 /* Resources */,
				3C6CBEADE20E3671AB912D9B /* 📦 Embed Pods Frameworks */,
				5B86271E2ED1613F8A959ABF /* 📦 Copy Pods Resources */,
			);
			buildRules = (
			);
			dependencies = (
			);
			name = RxWhy;
			productName = RxWhy;
			productReference = 26457B831C77579F009ED146 /* RxWhy.app */;
			productType = "com.apple.product-type.application";
		};
		267B59961CCDCD6700459399 /* MVVM */ = {
			isa = PBXNativeTarget;
			buildConfigurationList = 267B59A61CCDCD6700459399 /* Build configuration list for PBXNativeTarget "MVVM" */;
			buildPhases = (
				70AB3C3693F6D45DDB4A656B /* 📦 Check Pods Manifest.lock */,
				267B59931CCDCD6700459399 /* Sources */,
				267B59941CCDCD6700459399 /* Frameworks */,
				267B59951CCDCD6700459399 /* Resources */,
				27F769340F1CF3FDBE209B70 /* 📦 Embed Pods Frameworks */,
				EE4C4EE51F9F2E22E20B5061 /* 📦 Copy Pods Resources */,
			);
			buildRules = (
			);
			dependencies = (
			);
			name = MVVM;
			productName = MVVM;
			productReference = 267B59971CCDCD6700459399 /* MVVM.app */;
			productType = "com.apple.product-type.application";
		};
		26CC092A1C7989A7006B721F /* RxNetwork */ = {
			isa = PBXNativeTarget;
			buildConfigurationList = 26CC093A1C7989A7006B721F /* Build configuration list for PBXNativeTarget "RxNetwork" */;
			buildPhases = (
				E89A85F6E7EAD30419334DEE /* 📦 Check Pods Manifest.lock */,
				26CC09271C7989A7006B721F /* Sources */,
				26CC09281C7989A7006B721F /* Frameworks */,
				26CC09291C7989A7006B721F /* Resources */,
				62DF9FE130340A2C10C3D6B6 /* 📦 Embed Pods Frameworks */,
				57F3CC80DB02C7F3D3ECFCBB /* 📦 Copy Pods Resources */,
			);
			buildRules = (
			);
			dependencies = (
			);
			name = RxNetwork;
			productName = RxNetwork;
			productReference = 26CC092B1C7989A7006B721F /* RxNetwork.app */;
			productType = "com.apple.product-type.application";
		};
		26D37A7A1C787B5B00D7B1B4 /* RxTableView */ = {
			isa = PBXNativeTarget;
			buildConfigurationList = 26D37A8A1C787B5B00D7B1B4 /* Build configuration list for PBXNativeTarget "RxTableView" */;
			buildPhases = (
				29BE0EC407A18746D3C6B208 /* 📦 Check Pods Manifest.lock */,
				26D37A771C787B5B00D7B1B4 /* Sources */,
				26D37A781C787B5B00D7B1B4 /* Frameworks */,
				26D37A791C787B5B00D7B1B4 /* Resources */,
				ACD369BDE361400CC9E410BA /* 📦 Embed Pods Frameworks */,
				91E017FCBC4466340AA4D4A9 /* 📦 Copy Pods Resources */,
			);
			buildRules = (
			);
			dependencies = (
			);
			name = RxTableView;
			productName = RxTableView;
			productReference = 26D37A7B1C787B5B00D7B1B4 /* RxTableView.app */;
			productType = "com.apple.product-type.application";
		};
/* End PBXNativeTarget section */

/* Begin PBXProject section */
		26457B621C775777009ED146 /* Project object */ = {
			isa = PBXProject;
			attributes = {
				LastSwiftMigration = 0730;
				LastSwiftUpdateCheck = 0730;
				LastUpgradeCheck = 0720;
				ORGANIZATIONNAME = DianQK;
				TargetAttributes = {
					260C31FE1CA526F100081BDE = {
						CreatedOnToolsVersion = 7.3;
					};
					26356E281CA2FC5C00148B03 = {
						CreatedOnToolsVersion = 7.3;
					};
					26457B821C77579F009ED146 = {
						CreatedOnToolsVersion = 7.2.1;
					};
					267B59961CCDCD6700459399 = {
						CreatedOnToolsVersion = 7.3;
					};
					26CC092A1C7989A7006B721F = {
						CreatedOnToolsVersion = 7.2.1;
					};
					26D37A7A1C787B5B00D7B1B4 = {
						CreatedOnToolsVersion = 7.2.1;
					};
				};
			};
			buildConfigurationList = 26457B651C775777009ED146 /* Build configuration list for PBXProject "LearnRxSwift" */;
			compatibilityVersion = "Xcode 3.2";
			developmentRegion = English;
			hasScannedForEncodings = 0;
			knownRegions = (
				en,
				Base,
			);
			mainGroup = 26457B611C775777009ED146;
			productRefGroup = 26457B6B1C775777009ED146 /* Products */;
			projectDirPath = "";
			projectRoot = "";
			targets = (
				26457B821C77579F009ED146 /* RxWhy */,
				26D37A7A1C787B5B00D7B1B4 /* RxTableView */,
				26CC092A1C7989A7006B721F /* RxNetwork */,
				26356E281CA2FC5C00148B03 /* RxScheduler */,
				260C31FE1CA526F100081BDE /* RxExtensions */,
				267B59961CCDCD6700459399 /* MVVM */,
			);
		};
/* End PBXProject section */

/* Begin PBXResourcesBuildPhase section */
		260C31FD1CA526F100081BDE /* Resources */ = {
			isa = PBXResourcesBuildPhase;
			buildActionMask = 2147483647;
			files = (
				260C320C1CA526F100081BDE /* LaunchScreen.storyboard in Resources */,
				260C32121CA5271600081BDE /* Assets.xcassets in Resources */,
				260C32071CA526F100081BDE /* Main.storyboard in Resources */,
			);
			runOnlyForDeploymentPostprocessing = 0;
		};
		26356E271CA2FC5C00148B03 /* Resources */ = {
			isa = PBXResourcesBuildPhase;
			buildActionMask = 2147483647;
			files = (
				26356E361CA2FC5C00148B03 /* LaunchScreen.storyboard in Resources */,
				26356E3B1CA2FC8900148B03 /* Assets.xcassets in Resources */,
				26356E311CA2FC5C00148B03 /* Main.storyboard in Resources */,
			);
			runOnlyForDeploymentPostprocessing = 0;
		};
		26457B811C77579F009ED146 /* Resources */ = {
			isa = PBXResourcesBuildPhase;
			buildActionMask = 2147483647;
			files = (
				26457B901C77579F009ED146 /* LaunchScreen.storyboard in Resources */,
				26CC09251C798578006B721F /* Assets.xcassets in Resources */,
				26457B8B1C77579F009ED146 /* Main.storyboard in Resources */,
			);
			runOnlyForDeploymentPostprocessing = 0;
		};
		267B59951CCDCD6700459399 /* Resources */ = {
			isa = PBXResourcesBuildPhase;
			buildActionMask = 2147483647;
			files = (
				267B59AA1CCDCD9D00459399 /* Assets.xcassets in Resources */,
			);
			runOnlyForDeploymentPostprocessing = 0;
		};
		26CC09291C7989A7006B721F /* Resources */ = {
			isa = PBXResourcesBuildPhase;
			buildActionMask = 2147483647;
			files = (
				26CC09381C7989A7006B721F /* LaunchScreen.storyboard in Resources */,
				26CC09411C7989E4006B721F /* Assets.xcassets in Resources */,
				26CC09331C7989A7006B721F /* Main.storyboard in Resources */,
			);
			runOnlyForDeploymentPostprocessing = 0;
		};
		26D37A791C787B5B00D7B1B4 /* Resources */ = {
			isa = PBXResourcesBuildPhase;
			buildActionMask = 2147483647;
			files = (
				26D37A881C787B5B00D7B1B4 /* LaunchScreen.storyboard in Resources */,
				26CC09261C798579006B721F /* Assets.xcassets in Resources */,
				26D37A831C787B5B00D7B1B4 /* Main.storyboard in Resources */,
			);
			runOnlyForDeploymentPostprocessing = 0;
		};
/* End PBXResourcesBuildPhase section */

/* Begin PBXShellScriptBuildPhase section */
		0EAF4D364F71E279D2519490 /* 📦 Embed Pods Frameworks */ = {
			isa = PBXShellScriptBuildPhase;
			buildActionMask = 2147483647;
			files = (
			);
			inputPaths = (
			);
			name = "📦 Embed Pods Frameworks";
			outputPaths = (
			);
			runOnlyForDeploymentPostprocessing = 0;
			shellPath = /bin/sh;
			shellScript = "\"${SRCROOT}/Pods/Target Support Files/Pods-RxScheduler/Pods-RxScheduler-frameworks.sh\"\n";
			showEnvVarsInLog = 0;
		};
		27F769340F1CF3FDBE209B70 /* 📦 Embed Pods Frameworks */ = {
			isa = PBXShellScriptBuildPhase;
			buildActionMask = 2147483647;
			files = (
			);
			inputPaths = (
			);
			name = "📦 Embed Pods Frameworks";
			outputPaths = (
			);
			runOnlyForDeploymentPostprocessing = 0;
			shellPath = /bin/sh;
			shellScript = "\"${SRCROOT}/Pods/Target Support Files/Pods-MVVM/Pods-MVVM-frameworks.sh\"\n";
			showEnvVarsInLog = 0;
		};
		29BE0EC407A18746D3C6B208 /* 📦 Check Pods Manifest.lock */ = {
			isa = PBXShellScriptBuildPhase;
			buildActionMask = 2147483647;
			files = (
			);
			inputPaths = (
			);
			name = "📦 Check Pods Manifest.lock";
			outputPaths = (
			);
			runOnlyForDeploymentPostprocessing = 0;
			shellPath = /bin/sh;
			shellScript = "diff \"${PODS_ROOT}/../Podfile.lock\" \"${PODS_ROOT}/Manifest.lock\" > /dev/null\nif [[ $? != 0 ]] ; then\n    cat << EOM\nerror: The sandbox is not in sync with the Podfile.lock. Run 'pod install' or update your CocoaPods installation.\nEOM\n    exit 1\nfi\n";
			showEnvVarsInLog = 0;
		};
		31AE25CC34C0795B0A839B0F /* 📦 Copy Pods Resources */ = {
			isa = PBXShellScriptBuildPhase;
			buildActionMask = 2147483647;
			files = (
			);
			inputPaths = (
			);
			name = "📦 Copy Pods Resources";
			outputPaths = (
			);
			runOnlyForDeploymentPostprocessing = 0;
			shellPath = /bin/sh;
			shellScript = "\"${SRCROOT}/Pods/Target Support Files/Pods-RxExtensions/Pods-RxExtensions-resources.sh\"\n";
			showEnvVarsInLog = 0;
		};
		3C6CBEADE20E3671AB912D9B /* 📦 Embed Pods Frameworks */ = {
			isa = PBXShellScriptBuildPhase;
			buildActionMask = 2147483647;
			files = (
			);
			inputPaths = (
			);
			name = "📦 Embed Pods Frameworks";
			outputPaths = (
			);
			runOnlyForDeploymentPostprocessing = 0;
			shellPath = /bin/sh;
			shellScript = "\"${SRCROOT}/Pods/Target Support Files/Pods-RxWhy/Pods-RxWhy-frameworks.sh\"\n";
			showEnvVarsInLog = 0;
		};
		57F3CC80DB02C7F3D3ECFCBB /* 📦 Copy Pods Resources */ = {
			isa = PBXShellScriptBuildPhase;
			buildActionMask = 2147483647;
			files = (
			);
			inputPaths = (
			);
			name = "📦 Copy Pods Resources";
			outputPaths = (
			);
			runOnlyForDeploymentPostprocessing = 0;
			shellPath = /bin/sh;
			shellScript = "\"${SRCROOT}/Pods/Target Support Files/Pods-RxNetwork/Pods-RxNetwork-resources.sh\"\n";
			showEnvVarsInLog = 0;
		};
		5B86271E2ED1613F8A959ABF /* 📦 Copy Pods Resources */ = {
			isa = PBXShellScriptBuildPhase;
			buildActionMask = 2147483647;
			files = (
			);
			inputPaths = (
			);
			name = "📦 Copy Pods Resources";
			outputPaths = (
			);
			runOnlyForDeploymentPostprocessing = 0;
			shellPath = /bin/sh;
			shellScript = "\"${SRCROOT}/Pods/Target Support Files/Pods-RxWhy/Pods-RxWhy-resources.sh\"\n";
			showEnvVarsInLog = 0;
		};
		62DF9FE130340A2C10C3D6B6 /* 📦 Embed Pods Frameworks */ = {
			isa = PBXShellScriptBuildPhase;
			buildActionMask = 2147483647;
			files = (
			);
			inputPaths = (
			);
			name = "📦 Embed Pods Frameworks";
			outputPaths = (
			);
			runOnlyForDeploymentPostprocessing = 0;
			shellPath = /bin/sh;
			shellScript = "\"${SRCROOT}/Pods/Target Support Files/Pods-RxNetwork/Pods-RxNetwork-frameworks.sh\"\n";
			showEnvVarsInLog = 0;
		};
		70AB3C3693F6D45DDB4A656B /* 📦 Check Pods Manifest.lock */ = {
			isa = PBXShellScriptBuildPhase;
			buildActionMask = 2147483647;
			files = (
			);
			inputPaths = (
			);
			name = "📦 Check Pods Manifest.lock";
			outputPaths = (
			);
			runOnlyForDeploymentPostprocessing = 0;
			shellPath = /bin/sh;
			shellScript = "diff \"${PODS_ROOT}/../Podfile.lock\" \"${PODS_ROOT}/Manifest.lock\" > /dev/null\nif [[ $? != 0 ]] ; then\n    cat << EOM\nerror: The sandbox is not in sync with the Podfile.lock. Run 'pod install' or update your CocoaPods installation.\nEOM\n    exit 1\nfi\n";
			showEnvVarsInLog = 0;
		};
		747FD755CE5D085CD143E671 /* 📦 Embed Pods Frameworks */ = {
			isa = PBXShellScriptBuildPhase;
			buildActionMask = 2147483647;
			files = (
			);
			inputPaths = (
			);
			name = "📦 Embed Pods Frameworks";
			outputPaths = (
			);
			runOnlyForDeploymentPostprocessing = 0;
			shellPath = /bin/sh;
			shellScript = "\"${SRCROOT}/Pods/Target Support Files/Pods-RxExtensions/Pods-RxExtensions-frameworks.sh\"\n";
			showEnvVarsInLog = 0;
		};
		91E017FCBC4466340AA4D4A9 /* 📦 Copy Pods Resources */ = {
			isa = PBXShellScriptBuildPhase;
			buildActionMask = 2147483647;
			files = (
			);
			inputPaths = (
			);
			name = "📦 Copy Pods Resources";
			outputPaths = (
			);
			runOnlyForDeploymentPostprocessing = 0;
			shellPath = /bin/sh;
			shellScript = "\"${SRCROOT}/Pods/Target Support Files/Pods-RxTableView/Pods-RxTableView-resources.sh\"\n";
			showEnvVarsInLog = 0;
		};
		9C05E2CFDE8F928148E76653 /* 📦 Check Pods Manifest.lock */ = {
			isa = PBXShellScriptBuildPhase;
			buildActionMask = 2147483647;
			files = (
			);
			inputPaths = (
			);
			name = "📦 Check Pods Manifest.lock";
			outputPaths = (
			);
			runOnlyForDeploymentPostprocessing = 0;
			shellPath = /bin/sh;
			shellScript = "diff \"${PODS_ROOT}/../Podfile.lock\" \"${PODS_ROOT}/Manifest.lock\" > /dev/null\nif [[ $? != 0 ]] ; then\n    cat << EOM\nerror: The sandbox is not in sync with the Podfile.lock. Run 'pod install' or update your CocoaPods installation.\nEOM\n    exit 1\nfi\n";
			showEnvVarsInLog = 0;
		};
		ACD369BDE361400CC9E410BA /* 📦 Embed Pods Frameworks */ = {
			isa = PBXShellScriptBuildPhase;
			buildActionMask = 2147483647;
			files = (
			);
			inputPaths = (
			);
			name = "📦 Embed Pods Frameworks";
			outputPaths = (
			);
			runOnlyForDeploymentPostprocessing = 0;
			shellPath = /bin/sh;
			shellScript = "\"${SRCROOT}/Pods/Target Support Files/Pods-RxTableView/Pods-RxTableView-frameworks.sh\"\n";
			showEnvVarsInLog = 0;
		};
		B4EC9CE7D2D58C53F5569D57 /* 📦 Check Pods Manifest.lock */ = {
			isa = PBXShellScriptBuildPhase;
			buildActionMask = 2147483647;
			files = (
			);
			inputPaths = (
			);
			name = "📦 Check Pods Manifest.lock";
			outputPaths = (
			);
			runOnlyForDeploymentPostprocessing = 0;
			shellPath = /bin/sh;
			shellScript = "diff \"${PODS_ROOT}/../Podfile.lock\" \"${PODS_ROOT}/Manifest.lock\" > /dev/null\nif [[ $? != 0 ]] ; then\n    cat << EOM\nerror: The sandbox is not in sync with the Podfile.lock. Run 'pod install' or update your CocoaPods installation.\nEOM\n    exit 1\nfi\n";
			showEnvVarsInLog = 0;
		};
		E89A85F6E7EAD30419334DEE /* 📦 Check Pods Manifest.lock */ = {
			isa = PBXShellScriptBuildPhase;
			buildActionMask = 2147483647;
			files = (
			);
			inputPaths = (
			);
			name = "📦 Check Pods Manifest.lock";
			outputPaths = (
			);
			runOnlyForDeploymentPostprocessing = 0;
			shellPath = /bin/sh;
			shellScript = "diff \"${PODS_ROOT}/../Podfile.lock\" \"${PODS_ROOT}/Manifest.lock\" > /dev/null\nif [[ $? != 0 ]] ; then\n    cat << EOM\nerror: The sandbox is not in sync with the Podfile.lock. Run 'pod install' or update your CocoaPods installation.\nEOM\n    exit 1\nfi\n";
			showEnvVarsInLog = 0;
		};
		ECEB504CA38CC0212654AEFE /* 📦 Copy Pods Resources */ = {
			isa = PBXShellScriptBuildPhase;
			buildActionMask = 2147483647;
			files = (
			);
			inputPaths = (
			);
			name = "📦 Copy Pods Resources";
			outputPaths = (
			);
			runOnlyForDeploymentPostprocessing = 0;
			shellPath = /bin/sh;
			shellScript = "\"${SRCROOT}/Pods/Target Support Files/Pods-RxScheduler/Pods-RxScheduler-resources.sh\"\n";
			showEnvVarsInLog = 0;
		};
		EE4C4EE51F9F2E22E20B5061 /* 📦 Copy Pods Resources */ = {
			isa = PBXShellScriptBuildPhase;
			buildActionMask = 2147483647;
			files = (
			);
			inputPaths = (
			);
			name = "📦 Copy Pods Resources";
			outputPaths = (
			);
			runOnlyForDeploymentPostprocessing = 0;
			shellPath = /bin/sh;
			shellScript = "\"${SRCROOT}/Pods/Target Support Files/Pods-MVVM/Pods-MVVM-resources.sh\"\n";
			showEnvVarsInLog = 0;
		};
		F4A28795A7247F438420F1C6 /* 📦 Check Pods Manifest.lock */ = {
			isa = PBXShellScriptBuildPhase;
			buildActionMask = 2147483647;
			files = (
			);
			inputPaths = (
			);
			name = "📦 Check Pods Manifest.lock";
			outputPaths = (
			);
			runOnlyForDeploymentPostprocessing = 0;
			shellPath = /bin/sh;
			shellScript = "diff \"${PODS_ROOT}/../Podfile.lock\" \"${PODS_ROOT}/Manifest.lock\" > /dev/null\nif [[ $? != 0 ]] ; then\n    cat << EOM\nerror: The sandbox is not in sync with the Podfile.lock. Run 'pod install' or update your CocoaPods installation.\nEOM\n    exit 1\nfi\n";
			showEnvVarsInLog = 0;
		};
/* End PBXShellScriptBuildPhase section */

/* Begin PBXSourcesBuildPhase section */
		260C31FB1CA526F100081BDE /* Sources */ = {
			isa = PBXSourcesBuildPhase;
			buildActionMask = 2147483647;
			files = (
				269CAABB1CACD23000057E87 /* ObservableLoginViewController.swift in Sources */,
				260C32151CA530EF00081BDE /* RxOptionalViewController.swift in Sources */,
				269CAAC11CACF1EA00057E87 /* DriverLoginViewModel.swift in Sources */,
				260C324A1CA5622600081BDE /* RxAnimationViewController.swift in Sources */,
				260C32111CA5271400081BDE /* AppDelegate.swift in Sources */,
				26BF11901CB4EC7100398378 /* RxDelegateViewController.swift in Sources */,
				26BF11921CB4EE6700398378 /* RxDelegateButton.swift in Sources */,
				269CAABD1CACD25F00057E87 /* ObservableLoginViewModel.swift in Sources */,
				269CAABF1CACF1D700057E87 /* DriverLoginViewController.swift in Sources */,
				260C32501CA6208B00081BDE /* UIView+IB.swift in Sources */,
				26BF11961CB4FB7A00398378 /* RxDelegateButtonDelegateProxy.swift in Sources */,
				260C32481CA55C5F00081BDE /* RxAnimation.swift in Sources */,
				26BF11941CB4FB5400398378 /* RxDelegateButton+Rx.swift in Sources */,
				260C32131CA5271A00081BDE /* SupportFunction.swift in Sources */,
			);
			runOnlyForDeploymentPostprocessing = 0;
		};
		26356E251CA2FC5C00148B03 /* Sources */ = {
			isa = PBXSourcesBuildPhase;
			buildActionMask = 2147483647;
			files = (
				26356E3C1CA2FC8D00148B03 /* AppDelegate.swift in Sources */,
				26356E2E1CA2FC5C00148B03 /* ViewController.swift in Sources */,
				260C31FA1CA4DB7300081BDE /* TScheduler.swift in Sources */,
				26356E3D1CA2FC9100148B03 /* SupportFunction.swift in Sources */,
				260C324F1CA6208A00081BDE /* UIView+IB.swift in Sources */,
			);
			runOnlyForDeploymentPostprocessing = 0;
		};
		26457B7F1C77579F009ED146 /* Sources */ = {
			isa = PBXSourcesBuildPhase;
			buildActionMask = 2147483647;
			files = (
				2649A0AC1C80119600F032B1 /* SupportFunction.swift in Sources */,
				26457B991C77588A009ED146 /* BindingsViewController.swift in Sources */,
				26457B9D1C7758C5009ED146 /* TapViewController.swift in Sources */,
				260C324C1CA61FE800081BDE /* UIView+IB.swift in Sources */,
				26CC091D1C797EB5006B721F /* AppDelegate.swift in Sources */,
				26457B9B1C7758AA009ED146 /* ContentOffsetViewController.swift in Sources */,
			);
			runOnlyForDeploymentPostprocessing = 0;
		};
		267B59931CCDCD6700459399 /* Sources */ = {
			isa = PBXSourcesBuildPhase;
			buildActionMask = 2147483647;
			files = (
				267B59AC1CCDCDA200459399 /* UIView+IB.swift in Sources */,
				267B59AB1CCDCD9F00459399 /* AppDelegate.swift in Sources */,
				267B59A91CCDCD9B00459399 /* SupportFunction.swift in Sources */,
			);
			runOnlyForDeploymentPostprocessing = 0;
		};
		26CC09271C7989A7006B721F /* Sources */ = {
			isa = PBXSourcesBuildPhase;
			buildActionMask = 2147483647;
			files = (
				26CC094E1C79C7B1006B721F /* AlamofireTableViewController.swift in Sources */,
				266E196E1C7AFF7E00D8562C /* Request+ObjectMapper.swift in Sources */,
				26CC09501C79C7C0006B721F /* MoyaTableViewController.swift in Sources */,
				26CC09401C7989E4006B721F /* AppDelegate.swift in Sources */,
				26CC09581C79CE54006B721F /* Observable+ObjectMapper.swift in Sources */,
				2649A0AE1C80119A00F032B1 /* SupportFunction.swift in Sources */,
				266E196A1C7AB90900D8562C /* UserTableViewCell.swift in Sources */,
				26CC09571C79CE54006B721F /* Response+ObjectMapper.swift in Sources */,
				26F5D8311CE5819800824488 /* RxDataSources+Extension.swift in Sources */,
				260C324E1CA6208900081BDE /* UIView+IB.swift in Sources */,
				266E19711C7B2D8200D8562C /* UserModel.swift in Sources */,
				26CC095A1C7AAA19006B721F /* UserAPI.swift in Sources */,
			);
			runOnlyForDeploymentPostprocessing = 0;
		};
		26D37A771C787B5B00D7B1B4 /* Sources */ = {
			isa = PBXSourcesBuildPhase;
			buildActionMask = 2147483647;
			files = (
				26D37A941C787DAC00D7B1B4 /* SectionsTableViewController.swift in Sources */,
				26D37A981C787DF200D7B1B4 /* AdvanceTableViewController.swift in Sources */,
				26D37A9B1C78821D00D7B1B4 /* BasicTableViewCell.swift in Sources */,
				26D37A921C787DA100D7B1B4 /* BasicTableViewController.swift in Sources */,
				26CC09201C797EBB006B721F /* AppDelegate.swift in Sources */,
				26D37A961C787DB800D7B1B4 /* SelectTableViewController.swift in Sources */,
				26D37AA71C78858900D7B1B4 /* SelectModel.swift in Sources */,
				26D37AA51C78857700D7B1B4 /* SectionsModel.swift in Sources */,
				26F5D8301CE5819400824488 /* RxDataSources+Extension.swift in Sources */,
				26D37AA11C78823C00D7B1B4 /* AdvanceTableViewCell.swift in Sources */,
				260C324D1CA6208900081BDE /* UIView+IB.swift in Sources */,
				26D37AA31C78843800D7B1B4 /* BasicModel.swift in Sources */,
				26D37AA91C78859200D7B1B4 /* AdvanceModel.swift in Sources */,
				2649A0AD1C80119900F032B1 /* SupportFunction.swift in Sources */,
				26D37A9D1C78822700D7B1B4 /* SectionsTableViewCell.swift in Sources */,
				26D37A9F1C78823000D7B1B4 /* SelectTableViewCell.swift in Sources */,
			);
			runOnlyForDeploymentPostprocessing = 0;
		};
/* End PBXSourcesBuildPhase section */

/* Begin PBXVariantGroup section */
		260C32051CA526F100081BDE /* Main.storyboard */ = {
			isa = PBXVariantGroup;
			children = (
				260C32061CA526F100081BDE /* Base */,
			);
			name = Main.storyboard;
			sourceTree = "<group>";
		};
		260C320A1CA526F100081BDE /* LaunchScreen.storyboard */ = {
			isa = PBXVariantGroup;
			children = (
				260C320B1CA526F100081BDE /* Base */,
			);
			name = LaunchScreen.storyboard;
			sourceTree = "<group>";
		};
		26356E2F1CA2FC5C00148B03 /* Main.storyboard */ = {
			isa = PBXVariantGroup;
			children = (
				26356E301CA2FC5C00148B03 /* Base */,
			);
			name = Main.storyboard;
			sourceTree = "<group>";
		};
		26356E341CA2FC5C00148B03 /* LaunchScreen.storyboard */ = {
			isa = PBXVariantGroup;
			children = (
				26356E351CA2FC5C00148B03 /* Base */,
			);
			name = LaunchScreen.storyboard;
			sourceTree = "<group>";
		};
		26457B891C77579F009ED146 /* Main.storyboard */ = {
			isa = PBXVariantGroup;
			children = (
				26457B8A1C77579F009ED146 /* Base */,
			);
			name = Main.storyboard;
			sourceTree = "<group>";
		};
		26457B8E1C77579F009ED146 /* LaunchScreen.storyboard */ = {
			isa = PBXVariantGroup;
			children = (
				26457B8F1C77579F009ED146 /* Base */,
			);
			name = LaunchScreen.storyboard;
			sourceTree = "<group>";
		};
		26CC09311C7989A7006B721F /* Main.storyboard */ = {
			isa = PBXVariantGroup;
			children = (
				26CC09321C7989A7006B721F /* Base */,
			);
			name = Main.storyboard;
			path = ..;
			sourceTree = "<group>";
		};
		26CC09361C7989A7006B721F /* LaunchScreen.storyboard */ = {
			isa = PBXVariantGroup;
			children = (
				26CC09371C7989A7006B721F /* Base */,
			);
			name = LaunchScreen.storyboard;
			path = ..;
			sourceTree = "<group>";
		};
		26D37A811C787B5B00D7B1B4 /* Main.storyboard */ = {
			isa = PBXVariantGroup;
			children = (
				26D37A821C787B5B00D7B1B4 /* Base */,
			);
			name = Main.storyboard;
			sourceTree = "<group>";
		};
		26D37A861C787B5B00D7B1B4 /* LaunchScreen.storyboard */ = {
			isa = PBXVariantGroup;
			children = (
				26D37A871C787B5B00D7B1B4 /* Base */,
			);
			name = LaunchScreen.storyboard;
			sourceTree = "<group>";
		};
/* End PBXVariantGroup section */

/* Begin XCBuildConfiguration section */
		260C320E1CA526F100081BDE /* Debug */ = {
			isa = XCBuildConfiguration;
			baseConfigurationReference = CC049A082FA3D7EF84168F1B /* Pods-RxExtensions.debug.xcconfig */;
			buildSettings = {
				ASSETCATALOG_COMPILER_APPICON_NAME = AppIcon;
				CLANG_ANALYZER_NONNULL = YES;
				INFOPLIST_FILE = "$(SRCROOT)/Supports/Info.plist";
				IPHONEOS_DEPLOYMENT_TARGET = 9.3;
				LD_RUNPATH_SEARCH_PATHS = "$(inherited) @executable_path/Frameworks";
				OTHER_SWIFT_FLAGS = "$(inherited) \"-D\" \"COCOAPODS\" -DDEBUG";
				PRODUCT_BUNDLE_IDENTIFIER = gg.swift.T.RxExtensions;
				PRODUCT_NAME = "$(TARGET_NAME)";
			};
			name = Debug;
		};
		260C320F1CA526F100081BDE /* Release */ = {
			isa = XCBuildConfiguration;
			baseConfigurationReference = 125EDDBC5EC666689BF36E3D /* Pods-RxExtensions.release.xcconfig */;
			buildSettings = {
				ASSETCATALOG_COMPILER_APPICON_NAME = AppIcon;
				CLANG_ANALYZER_NONNULL = YES;
				INFOPLIST_FILE = "$(SRCROOT)/Supports/Info.plist";
				IPHONEOS_DEPLOYMENT_TARGET = 9.3;
				LD_RUNPATH_SEARCH_PATHS = "$(inherited) @executable_path/Frameworks";
				PRODUCT_BUNDLE_IDENTIFIER = gg.swift.T.RxExtensions;
				PRODUCT_NAME = "$(TARGET_NAME)";
			};
			name = Release;
		};
		26356E381CA2FC5C00148B03 /* Debug */ = {
			isa = XCBuildConfiguration;
			baseConfigurationReference = D00F519E43412813EBAB622A /* Pods-RxScheduler.debug.xcconfig */;
			buildSettings = {
				ASSETCATALOG_COMPILER_APPICON_NAME = AppIcon;
				CLANG_ANALYZER_NONNULL = YES;
				INFOPLIST_FILE = "$(SRCROOT)/Supports/Info.plist";
				IPHONEOS_DEPLOYMENT_TARGET = 9.3;
				LD_RUNPATH_SEARCH_PATHS = "$(inherited) @executable_path/Frameworks";
				PRODUCT_BUNDLE_IDENTIFIER = gg.swift.T.RxScheduler;
				PRODUCT_NAME = "$(TARGET_NAME)";
			};
			name = Debug;
		};
		26356E391CA2FC5C00148B03 /* Release */ = {
			isa = XCBuildConfiguration;
			baseConfigurationReference = 7AA9613E304366F34C497BE3 /* Pods-RxScheduler.release.xcconfig */;
			buildSettings = {
				ASSETCATALOG_COMPILER_APPICON_NAME = AppIcon;
				CLANG_ANALYZER_NONNULL = YES;
				INFOPLIST_FILE = "$(SRCROOT)/Supports/Info.plist";
				IPHONEOS_DEPLOYMENT_TARGET = 9.3;
				LD_RUNPATH_SEARCH_PATHS = "$(inherited) @executable_path/Frameworks";
				PRODUCT_BUNDLE_IDENTIFIER = gg.swift.T.RxScheduler;
				PRODUCT_NAME = "$(TARGET_NAME)";
			};
			name = Release;
		};
		26457B7A1C775777009ED146 /* Debug */ = {
			isa = XCBuildConfiguration;
			buildSettings = {
				ALWAYS_SEARCH_USER_PATHS = NO;
				CLANG_CXX_LANGUAGE_STANDARD = "gnu++0x";
				CLANG_CXX_LIBRARY = "libc++";
				CLANG_ENABLE_MODULES = YES;
				CLANG_ENABLE_OBJC_ARC = YES;
				CLANG_WARN_BOOL_CONVERSION = YES;
				CLANG_WARN_CONSTANT_CONVERSION = YES;
				CLANG_WARN_DIRECT_OBJC_ISA_USAGE = YES_ERROR;
				CLANG_WARN_EMPTY_BODY = YES;
				CLANG_WARN_ENUM_CONVERSION = YES;
				CLANG_WARN_INT_CONVERSION = YES;
				CLANG_WARN_OBJC_ROOT_CLASS = YES_ERROR;
				CLANG_WARN_UNREACHABLE_CODE = YES;
				CLANG_WARN__DUPLICATE_METHOD_MATCH = YES;
				"CODE_SIGN_IDENTITY[sdk=iphoneos*]" = "iPhone Developer";
				COPY_PHASE_STRIP = NO;
				DEBUG_INFORMATION_FORMAT = dwarf;
				ENABLE_STRICT_OBJC_MSGSEND = YES;
				ENABLE_TESTABILITY = YES;
				GCC_C_LANGUAGE_STANDARD = gnu99;
				GCC_DYNAMIC_NO_PIC = NO;
				GCC_NO_COMMON_BLOCKS = YES;
				GCC_OPTIMIZATION_LEVEL = 0;
				GCC_PREPROCESSOR_DEFINITIONS = (
					"DEBUG=1",
					"$(inherited)",
				);
				GCC_WARN_64_TO_32_BIT_CONVERSION = YES;
				GCC_WARN_ABOUT_RETURN_TYPE = YES_ERROR;
				GCC_WARN_UNDECLARED_SELECTOR = YES;
				GCC_WARN_UNINITIALIZED_AUTOS = YES_AGGRESSIVE;
				GCC_WARN_UNUSED_FUNCTION = YES;
				GCC_WARN_UNUSED_VARIABLE = YES;
				IPHONEOS_DEPLOYMENT_TARGET = 9.2;
				MTL_ENABLE_DEBUG_INFO = YES;
				ONLY_ACTIVE_ARCH = YES;
				SDKROOT = iphoneos;
				SWIFT_OPTIMIZATION_LEVEL = "-Onone";
			};
			name = Debug;
		};
		26457B7B1C775777009ED146 /* Release */ = {
			isa = XCBuildConfiguration;
			buildSettings = {
				ALWAYS_SEARCH_USER_PATHS = NO;
				CLANG_CXX_LANGUAGE_STANDARD = "gnu++0x";
				CLANG_CXX_LIBRARY = "libc++";
				CLANG_ENABLE_MODULES = YES;
				CLANG_ENABLE_OBJC_ARC = YES;
				CLANG_WARN_BOOL_CONVERSION = YES;
				CLANG_WARN_CONSTANT_CONVERSION = YES;
				CLANG_WARN_DIRECT_OBJC_ISA_USAGE = YES_ERROR;
				CLANG_WARN_EMPTY_BODY = YES;
				CLANG_WARN_ENUM_CONVERSION = YES;
				CLANG_WARN_INT_CONVERSION = YES;
				CLANG_WARN_OBJC_ROOT_CLASS = YES_ERROR;
				CLANG_WARN_UNREACHABLE_CODE = YES;
				CLANG_WARN__DUPLICATE_METHOD_MATCH = YES;
				"CODE_SIGN_IDENTITY[sdk=iphoneos*]" = "iPhone Developer";
				COPY_PHASE_STRIP = NO;
				DEBUG_INFORMATION_FORMAT = "dwarf-with-dsym";
				ENABLE_NS_ASSERTIONS = NO;
				ENABLE_STRICT_OBJC_MSGSEND = YES;
				GCC_C_LANGUAGE_STANDARD = gnu99;
				GCC_NO_COMMON_BLOCKS = YES;
				GCC_WARN_64_TO_32_BIT_CONVERSION = YES;
				GCC_WARN_ABOUT_RETURN_TYPE = YES_ERROR;
				GCC_WARN_UNDECLARED_SELECTOR = YES;
				GCC_WARN_UNINITIALIZED_AUTOS = YES_AGGRESSIVE;
				GCC_WARN_UNUSED_FUNCTION = YES;
				GCC_WARN_UNUSED_VARIABLE = YES;
				IPHONEOS_DEPLOYMENT_TARGET = 9.2;
				MTL_ENABLE_DEBUG_INFO = NO;
				SDKROOT = iphoneos;
				VALIDATE_PRODUCT = YES;
			};
			name = Release;
		};
		26457B931C77579F009ED146 /* Debug */ = {
			isa = XCBuildConfiguration;
			baseConfigurationReference = 13339B62DACA9629E64DC747 /* Pods-RxWhy.debug.xcconfig */;
			buildSettings = {
				ASSETCATALOG_COMPILER_APPICON_NAME = AppIcon;
				CODE_SIGN_IDENTITY = "iPhone Developer";
				INFOPLIST_FILE = "$(SRCROOT)/Supports/Info.plist";
				LD_RUNPATH_SEARCH_PATHS = "$(inherited) @executable_path/Frameworks";
				PRODUCT_BUNDLE_IDENTIFIER = org.dianqk.RxWhy;
				PRODUCT_NAME = "$(TARGET_NAME)";
			};
			name = Debug;
		};
		26457B941C77579F009ED146 /* Release */ = {
			isa = XCBuildConfiguration;
			baseConfigurationReference = 7D1B94498621741B1B022900 /* Pods-RxWhy.release.xcconfig */;
			buildSettings = {
				ASSETCATALOG_COMPILER_APPICON_NAME = AppIcon;
				CODE_SIGN_IDENTITY = "iPhone Developer";
				INFOPLIST_FILE = "$(SRCROOT)/Supports/Info.plist";
				LD_RUNPATH_SEARCH_PATHS = "$(inherited) @executable_path/Frameworks";
				PRODUCT_BUNDLE_IDENTIFIER = org.dianqk.RxWhy;
				PRODUCT_NAME = "$(TARGET_NAME)";
				SWIFT_OPTIMIZATION_LEVEL = "-Owholemodule";
			};
			name = Release;
		};
		267B59A71CCDCD6700459399 /* Debug */ = {
			isa = XCBuildConfiguration;
			baseConfigurationReference = 3938773BEC5972BFB1022E01 /* Pods-MVVM.debug.xcconfig */;
			buildSettings = {
				ASSETCATALOG_COMPILER_APPICON_NAME = AppIcon;
				CLANG_ANALYZER_NONNULL = YES;
				INFOPLIST_FILE = "$(SRCROOT)/Supports/Info.plist";
				IPHONEOS_DEPLOYMENT_TARGET = 9.3;
				LD_RUNPATH_SEARCH_PATHS = "$(inherited) @executable_path/Frameworks";
				PRODUCT_BUNDLE_IDENTIFIER = org.dianqk.MVVM;
				PRODUCT_NAME = "$(TARGET_NAME)";
			};
			name = Debug;
		};
		267B59A81CCDCD6700459399 /* Release */ = {
			isa = XCBuildConfiguration;
			baseConfigurationReference = 4C6EDB102143CE997D168969 /* Pods-MVVM.release.xcconfig */;
			buildSettings = {
				ASSETCATALOG_COMPILER_APPICON_NAME = AppIcon;
				CLANG_ANALYZER_NONNULL = YES;
				INFOPLIST_FILE = "$(SRCROOT)/Supports/Info.plist";
				IPHONEOS_DEPLOYMENT_TARGET = 9.3;
				LD_RUNPATH_SEARCH_PATHS = "$(inherited) @executable_path/Frameworks";
				PRODUCT_BUNDLE_IDENTIFIER = org.dianqk.MVVM;
				PRODUCT_NAME = "$(TARGET_NAME)";
			};
			name = Release;
		};
		26CC093B1C7989A7006B721F /* Debug */ = {
			isa = XCBuildConfiguration;
			baseConfigurationReference = 73A20012348C5B9CCDD7B25D /* Pods-RxNetwork.debug.xcconfig */;
			buildSettings = {
				ASSETCATALOG_COMPILER_APPICON_NAME = AppIcon;
				CODE_SIGN_IDENTITY = "iPhone Developer";
				INFOPLIST_FILE = "$(SRCROOT)/Supports/Info.plist";
				LD_RUNPATH_SEARCH_PATHS = "$(inherited) @executable_path/Frameworks";
				OTHER_SWIFT_FLAGS = "$(inherited) \"-D\" \"COCOAPODS\" -DDEBUG";
				PRODUCT_BUNDLE_IDENTIFIER = org.dianqk.RxNetwork;
				PRODUCT_NAME = "$(TARGET_NAME)";
			};
			name = Debug;
		};
		26CC093C1C7989A7006B721F /* Release */ = {
			isa = XCBuildConfiguration;
			baseConfigurationReference = 79345F7A3B5655EDFB75C111 /* Pods-RxNetwork.release.xcconfig */;
			buildSettings = {
				ASSETCATALOG_COMPILER_APPICON_NAME = AppIcon;
				CODE_SIGN_IDENTITY = "iPhone Developer";
				INFOPLIST_FILE = "$(SRCROOT)/Supports/Info.plist";
				LD_RUNPATH_SEARCH_PATHS = "$(inherited) @executable_path/Frameworks";
				PRODUCT_BUNDLE_IDENTIFIER = org.dianqk.RxNetwork;
				PRODUCT_NAME = "$(TARGET_NAME)";
			};
			name = Release;
		};
		26D37A8B1C787B5B00D7B1B4 /* Debug */ = {
			isa = XCBuildConfiguration;
			baseConfigurationReference = D7FF5E6AD1751DDF29E3DEBC /* Pods-RxTableView.debug.xcconfig */;
			buildSettings = {
				ASSETCATALOG_COMPILER_APPICON_NAME = AppIcon;
				CODE_SIGN_IDENTITY = "iPhone Developer";
				INFOPLIST_FILE = "$(SRCROOT)/Supports/Info.plist";
				LD_RUNPATH_SEARCH_PATHS = "$(inherited) @executable_path/Frameworks";
				PRODUCT_BUNDLE_IDENTIFIER = org.dianqk.RxTableView;
				PRODUCT_NAME = "$(TARGET_NAME)";
			};
			name = Debug;
		};
		26D37A8C1C787B5B00D7B1B4 /* Release */ = {
			isa = XCBuildConfiguration;
			baseConfigurationReference = 027F3E8AA103139D98FD51A1 /* Pods-RxTableView.release.xcconfig */;
			buildSettings = {
				ASSETCATALOG_COMPILER_APPICON_NAME = AppIcon;
				CODE_SIGN_IDENTITY = "iPhone Developer";
				INFOPLIST_FILE = "$(SRCROOT)/Supports/Info.plist";
				LD_RUNPATH_SEARCH_PATHS = "$(inherited) @executable_path/Frameworks";
				PRODUCT_BUNDLE_IDENTIFIER = org.dianqk.RxTableView;
				PRODUCT_NAME = "$(TARGET_NAME)";
			};
			name = Release;
		};
/* End XCBuildConfiguration section */

/* Begin XCConfigurationList section */
		260C32101CA526F100081BDE /* Build configuration list for PBXNativeTarget "RxExtensions" */ = {
			isa = XCConfigurationList;
			buildConfigurations = (
				260C320E1CA526F100081BDE /* Debug */,
				260C320F1CA526F100081BDE /* Release */,
			);
			defaultConfigurationIsVisible = 0;
			defaultConfigurationName = Release;
		};
		26356E3A1CA2FC5C00148B03 /* Build configuration list for PBXNativeTarget "RxScheduler" */ = {
			isa = XCConfigurationList;
			buildConfigurations = (
				26356E381CA2FC5C00148B03 /* Debug */,
				26356E391CA2FC5C00148B03 /* Release */,
			);
			defaultConfigurationIsVisible = 0;
			defaultConfigurationName = Release;
		};
		26457B651C775777009ED146 /* Build configuration list for PBXProject "LearnRxSwift" */ = {
			isa = XCConfigurationList;
			buildConfigurations = (
				26457B7A1C775777009ED146 /* Debug */,
				26457B7B1C775777009ED146 /* Release */,
			);
			defaultConfigurationIsVisible = 0;
			defaultConfigurationName = Release;
		};
		26457B921C77579F009ED146 /* Build configuration list for PBXNativeTarget "RxWhy" */ = {
			isa = XCConfigurationList;
			buildConfigurations = (
				26457B931C77579F009ED146 /* Debug */,
				26457B941C77579F009ED146 /* Release */,
			);
			defaultConfigurationIsVisible = 0;
			defaultConfigurationName = Release;
		};
		267B59A61CCDCD6700459399 /* Build configuration list for PBXNativeTarget "MVVM" */ = {
			isa = XCConfigurationList;
			buildConfigurations = (
				267B59A71CCDCD6700459399 /* Debug */,
				267B59A81CCDCD6700459399 /* Release */,
			);
			defaultConfigurationIsVisible = 0;
			defaultConfigurationName = Release;
		};
		26CC093A1C7989A7006B721F /* Build configuration list for PBXNativeTarget "RxNetwork" */ = {
			isa = XCConfigurationList;
			buildConfigurations = (
				26CC093B1C7989A7006B721F /* Debug */,
				26CC093C1C7989A7006B721F /* Release */,
			);
			defaultConfigurationIsVisible = 0;
			defaultConfigurationName = Release;
		};
		26D37A8A1C787B5B00D7B1B4 /* Build configuration list for PBXNativeTarget "RxTableView" */ = {
			isa = XCConfigurationList;
			buildConfigurations = (
				26D37A8B1C787B5B00D7B1B4 /* Debug */,
				26D37A8C1C787B5B00D7B1B4 /* Release */,
			);
			defaultConfigurationIsVisible = 0;
			defaultConfigurationName = Release;
		};
/* End XCConfigurationList section */
	};
	rootObject = 26457B621C775777009ED146 /* Project object */;
}
